PODS:
  - AFNetworkActivityLogger (2.0.4):
    - AFNetworking/NSURLConnection (~> 2.0)
    - AFNetworking/NSURLSession (~> 2.0)
  - AFNetworking (2.6.3):
    - AFNetworking/NSURLConnection (= 2.6.3)
    - AFNetworking/NSURLSession (= 2.6.3)
    - AFNetworking/Reachability (= 2.6.3)
    - AFNetworking/Security (= 2.6.3)
    - AFNetworking/Serialization (= 2.6.3)
    - AFNetworking/UIKit (= 2.6.3)
  - AFNetworking/NSURLConnection (2.6.3):
    - AFNetworking/Reachability
    - AFNetworking/Security
    - AFNetworking/Serialization
  - AFNetworking/NSURLSession (2.6.3):
    - AFNetworking/Reachability
    - AFNetworking/Security
    - AFNetworking/Serialization
  - AFNetworking/Reachability (2.6.3)
  - AFNetworking/Security (2.6.3)
  - AFNetworking/Serialization (2.6.3)
  - CocoaLumberjack (2.3.0):
    - CocoaLumberjack/Default (= 2.3.0)
    - CocoaLumberjack/Extensions (= 2.3.0)
  - CocoaLumberjack/Core (2.3.0)
  - CocoaLumberjack/Default (2.3.0):
    - CocoaLumberjack/Core
  - CocoaLumberjack/Extensions (2.3.0):
    - CocoaLumberjack/Default
  - DevMateKit (1.7.1)
  - LetsMove (1.20)
  - MTEThreadsafeCollections (1.0.2):
    - MTEThreadsafeCollections/Array (= 1.0.2)
    - MTEThreadsafeCollections/Dictionary (= 1.0.2)
    - MTEThreadsafeCollections/Set (= 1.0.2)
  - MTEThreadsafeCollections/Array (1.0.2)
  - MTEThreadsafeCollections/Dictionary (1.0.2)
  - MTEThreadsafeCollections/Set (1.0.2)
  - NSColor-Crayola (1.0)
  - NSColor-Pantone (1.0)
  - NSLogger (1.7.0):
    - NSLogger/Standard (= 1.7.0)
  - NSLogger/Standard (1.7.0)
  - OHHTTPStubs (5.1.0):
    - OHHTTPStubs/Default (= 5.1.0)
  - OHHTTPStubs/Core (5.1.0)
  - OHHTTPStubs/Default (5.1.0):
    - OHHTTPStubs/Core
    - OHHTTPStubs/JSON
    - OHHTTPStubs/NSURLSession
    - OHHTTPStubs/OHPathHelpers
  - OHHTTPStubs/JSON (5.1.0):
    - OHHTTPStubs/Core
  - OHHTTPStubs/NSURLSession (5.1.0):
    - OHHTTPStubs/Core
  - OHHTTPStubs/OHPathHelpers (5.1.0)
  - SSKeychain (1.4.0)
  - XCDLumberjackNSLogger (1.1.0):
    - CocoaLumberjack (~> 2.0)
    - NSLogger (~> 1.7)

DEPENDENCIES:
  - AFNetworkActivityLogger
  - AFNetworking
  - CocoaLumberjack
  - DevMateKit
  - LetsMove
  - MTEThreadsafeCollections (from `https://github.com/sdevore/MTEThreadsafeCollections.git`)
  - NSColor-Crayola
  - NSColor-Pantone
  - OHHTTPStubs
  - SSKeychain
  - XCDLumberjackNSLogger

EXTERNAL SOURCES:
  MTEThreadsafeCollections:
    :git: https://github.com/sdevore/MTEThreadsafeCollections.git

CHECKOUT OPTIONS:
  MTEThreadsafeCollections:
    :commit: 1be3f99cd1b4f35be6f92dfc3f43dc2e83a5daf4
    :git: https://github.com/sdevore/MTEThreadsafeCollections.git

SPEC CHECKSUMS:
  AFNetworkActivityLogger: 121486778117d53b3ab1c61d264b88081d0c3eee
  AFNetworking: cb8d14a848e831097108418f5d49217339d4eb60
  CocoaLumberjack: 97fab7ee5f507fe54445cca7ea80f926729cfd15
  DevMateKit: 3ba77083f5faa40266e0d2d70776de2a82c71dd0
  LetsMove: 40dda5f7a19bf9976e150ce304fa5765892bef8f
  MTEThreadsafeCollections: bd07b6ec31857c6cc9f32a5c4a6b3aa93f2be285
  NSColor-Crayola: 02175a36c323c5c33e263e84f500f0634ee78282
  NSColor-Pantone: 4729b971b2e5ac452c9eeba1286b5982e1435180
  NSLogger: daa17368272ddf10a0850c218fe49de23b50f2eb
  OHHTTPStubs: 592f74439d2d72615115cf99a954237a3fbe26e5
  SSKeychain: c71293fa57216a40ab06c23f4085387583293de4
  XCDLumberjackNSLogger: b39a8d2fee8094b3d8bf9031cb97e2200971addb

PODFILE CHECKSUM: ccc6da9d876e7ddfd99b3bebd09d013ff842b644

COCOAPODS: 1.0.0
