PODS:
  - CDEvents (1.2.2)
  - CocoaLumberjack (2.3.0):
    - CocoaLumberjack/Default (= 2.3.0)
    - CocoaLumberjack/Extensions (= 2.3.0)
  - CocoaLumberjack/Core (2.3.0)
  - CocoaLumberjack/Default (2.3.0):
    - CocoaLumberjack/Core
  - CocoaLumberjack/Extensions (2.3.0):
    - CocoaLumberjack/Default
  - DevMateKit (1.7.1)
  - LetsMove (1.20)
  - MTEThreadsafeCollections (1.0.2):
    - MTEThreadsafeCollections/Array (= 1.0.2)
    - MTEThreadsafeCollections/Dictionary (= 1.0.2)
    - MTEThreadsafeCollections/Set (= 1.0.2)
  - MTEThreadsafeCollections/Array (1.0.2)
  - MTEThreadsafeCollections/Dictionary (1.0.2)
  - MTEThreadsafeCollections/Set (1.0.2)
  - NSColor-Crayola (1.0)
  - NSColor-Pantone (1.0)
  - NSLogger (1.7.0):
    - NSLogger/Standard (= 1.7.0)
  - NSLogger/Standard (1.7.0)
  - OCHamcrest (5.4.0)
  - OCMockito (3.0.2):
    - OCHamcrest (~> 5.1)
  - OHHTTPStubs (5.1.0):
    - OHHTTPStubs/Default (= 5.1.0)
  - OHHTTPStubs/Core (5.1.0)
  - OHHTTPStubs/Default (5.1.0):
    - OHHTTPStubs/Core
    - OHHTTPStubs/JSON
    - OHHTTPStubs/NSURLSession
    - OHHTTPStubs/OHPathHelpers
  - OHHTTPStubs/JSON (5.1.0):
    - OHHTTPStubs/Core
  - OHHTTPStubs/NSURLSession (5.1.0):
    - OHHTTPStubs/Core
  - OHHTTPStubs/OHPathHelpers (5.1.0)
  - SAMKeychain (1.5.0)
  - XCDLumberjackNSLogger (1.1.0):
    - CocoaLumberjack (~> 2.0)
    - NSLogger (~> 1.7)

DEPENDENCIES:
  - CDEvents
  - CocoaLumberjack
  - DevMateKit
  - LetsMove
  - MTEThreadsafeCollections (from `https://github.com/sdevore/MTEThreadsafeCollections.git`)
  - NSColor-Crayola
  - NSColor-Pantone
  - OCMockito (~> 3.0)
  - OHHTTPStubs
  - SAMKeychain
  - XCDLumberjackNSLogger

EXTERNAL SOURCES:
  MTEThreadsafeCollections:
    :git: https://github.com/sdevore/MTEThreadsafeCollections.git

CHECKOUT OPTIONS:
  MTEThreadsafeCollections:
    :commit: 1be3f99cd1b4f35be6f92dfc3f43dc2e83a5daf4
    :git: https://github.com/sdevore/MTEThreadsafeCollections.git

SPEC CHECKSUMS:
  CDEvents: f311f23de13414f4b3625f1a663b2e1d9a85d982
  CocoaLumberjack: 97fab7ee5f507fe54445cca7ea80f926729cfd15
  DevMateKit: 3ba77083f5faa40266e0d2d70776de2a82c71dd0
  LetsMove: 40dda5f7a19bf9976e150ce304fa5765892bef8f
  MTEThreadsafeCollections: bd07b6ec31857c6cc9f32a5c4a6b3aa93f2be285
  NSColor-Crayola: 02175a36c323c5c33e263e84f500f0634ee78282
  NSColor-Pantone: 4729b971b2e5ac452c9eeba1286b5982e1435180
  NSLogger: daa17368272ddf10a0850c218fe49de23b50f2eb
  OCHamcrest: 5c1d441c5a82fb18ac17c2aeb52ec1a99edb971b
  OCMockito: 2cb6c2267cbc76537be56281cd47cdb5a7c27541
  OHHTTPStubs: 592f74439d2d72615115cf99a954237a3fbe26e5
  SAMKeychain: 1fc9ae02f576365395758b12888c84704eebc423
  XCDLumberjackNSLogger: b39a8d2fee8094b3d8bf9031cb97e2200971addb

PODFILE CHECKSUM: cc73803b41143bd32806038e94a79a85ee19b5b3

COCOAPODS: 1.0.0
