// !$*UTF8*$!
{
	archiveVersion = 1;
	classes = {
	};
	objectVersion = 46;
	objects = {

/* Begin PBXBuildFile section */
		01C283F63E2D5CF81DA9713D /* libPods-waka_watcher-waka_watcherTests.a in Frameworks */ = {isa = PBXBuildFile; fileRef = A00FC19BE212B3F2504D812E /* libPods-waka_watcher-waka_watcherTests.a */; };
		2B06698D1D39755400CDD56A /* WWDirectoryDataSource.m in Sources */ = {isa = PBXBuildFile; fileRef = 2B06698C1D39755400CDD56A /* WWDirectoryDataSource.m */; };
		2B2C304D1D399313009DBD6A /* FileView.m in Sources */ = {isa = PBXBuildFile; fileRef = 2B2C304C1D399313009DBD6A /* FileView.m */; };
		2B2C30501D399328009DBD6A /* ModifiedView.m in Sources */ = {isa = PBXBuildFile; fileRef = 2B2C304F1D399328009DBD6A /* ModifiedView.m */; };
		2B38EB521D3EED7500D7C039 /* WWDirectoryItem.m in Sources */ = {isa = PBXBuildFile; fileRef = 2B38EB511D3EED7500D7C039 /* WWDirectoryItem.m */; };
		2B77BF271C36EE1A00A37049 /* AppDelegate.m in Sources */ = {isa = PBXBuildFile; fileRef = 2B77BF261C36EE1A00A37049 /* AppDelegate.m */; };
		2B77BF2A1C36EE1A00A37049 /* main.m in Sources */ = {isa = PBXBuildFile; fileRef = 2B77BF291C36EE1A00A37049 /* main.m */; };
		2B77BF2D1C36EE1A00A37049 /* ViewController.m in Sources */ = {isa = PBXBuildFile; fileRef = 2B77BF2C1C36EE1A00A37049 /* ViewController.m */; };
		2B77BF2F1C36EE1A00A37049 /* Assets.xcassets in Resources */ = {isa = PBXBuildFile; fileRef = 2B77BF2E1C36EE1A00A37049 /* Assets.xcassets */; };
		2B77BF321C36EE1A00A37049 /* Main.storyboard in Resources */ = {isa = PBXBuildFile; fileRef = 2B77BF301C36EE1A00A37049 /* Main.storyboard */; };
		2B77BF3D1C36EE1A00A37049 /* waka_watcherTests.m in Sources */ = {isa = PBXBuildFile; fileRef = 2B77BF3C1C36EE1A00A37049 /* waka_watcherTests.m */; };
		2B77BF481C36EE1A00A37049 /* waka_watcherUITests.m in Sources */ = {isa = PBXBuildFile; fileRef = 2B77BF471C36EE1A00A37049 /* waka_watcherUITests.m */; };
		2B7DB5D41D271EEA001B3917 /* waka_watcher_heartbeat.m in Sources */ = {isa = PBXBuildFile; fileRef = 2B7DB5D31D271EEA001B3917 /* waka_watcher_heartbeat.m */; };
		2B7DB5D61D271EEA001B3917 /* main.m in Sources */ = {isa = PBXBuildFile; fileRef = 2B7DB5D51D271EEA001B3917 /* main.m */; };
		2B7DB5DA1D271EEA001B3917 /* waka_watcher_heartbeat.xpc in Embed XPC Services */ = {isa = PBXBuildFile; fileRef = 2B7DB5CF1D271EEA001B3917 /* waka_watcher_heartbeat.xpc */; settings = {ATTRIBUTES = (RemoveHeadersOnCopy, ); }; };
		2B7DB5E11D271F3A001B3917 /* wakatime in Resources */ = {isa = PBXBuildFile; fileRef = 2B7DB5E01D271F3A001B3917 /* wakatime */; };
		2B7DB5E21D271F48001B3917 /* wakatime in CopyFiles */ = {isa = PBXBuildFile; fileRef = 2B7DB5E01D271F3A001B3917 /* wakatime */; };
		2B83CB7A1D3FD79000EA4960 /* WWDirectoryDataSourceTests.m in Sources */ = {isa = PBXBuildFile; fileRef = 2B83CB791D3FD79000EA4960 /* WWDirectoryDataSourceTests.m */; };
		2B83CB7C1D3FDDDC00EA4960 /* UserDefaults.plist in Resources */ = {isa = PBXBuildFile; fileRef = 2B83CB7B1D3FDDDC00EA4960 /* UserDefaults.plist */; };
		2BA4E6861D513F8B00359024 /* WWDirectoryItemTests.m in Sources */ = {isa = PBXBuildFile; fileRef = 2BA4E6851D513F8B00359024 /* WWDirectoryItemTests.m */; };
		2BBA7B2D1D40014E00FFF9B3 /* WWDirectoryDataSource.m in Sources */ = {isa = PBXBuildFile; fileRef = 2B06698C1D39755400CDD56A /* WWDirectoryDataSource.m */; };
		2BBA7B2E1D40015300FFF9B3 /* WWDirectoryItem.m in Sources */ = {isa = PBXBuildFile; fileRef = 2B38EB511D3EED7500D7C039 /* WWDirectoryItem.m */; };
		2BBA7C261D40160C00FFF9B3 /* SCDTestCase.m in Sources */ = {isa = PBXBuildFile; fileRef = 2BBA7C251D40160C00FFF9B3 /* SCDTestCase.m */; };
		2BBA7C291D40168E00FFF9B3 /* one_file.txt in Resources */ = {isa = PBXBuildFile; fileRef = 2BBA7C281D40168E00FFF9B3 /* one_file.txt */; };
		2BBA7C2C1D4016BD00FFF9B3 /* two_file.text in Resources */ = {isa = PBXBuildFile; fileRef = 2BBA7C2A1D40169B00FFF9B3 /* two_file.text */; };
		2BDBDC911D3958ED006D6B0E /* SCDFolderMonitor.m in Sources */ = {isa = PBXBuildFile; fileRef = 2BDBDC901D3958ED006D6B0E /* SCDFolderMonitor.m */; };
		2BDBDC921D3958ED006D6B0E /* SCDFolderMonitor.m in Sources */ = {isa = PBXBuildFile; fileRef = 2BDBDC901D3958ED006D6B0E /* SCDFolderMonitor.m */; };
		3653C272208D61BCDA4D2658 /* libPods-waka_watcher-waka_watcher.a in Frameworks */ = {isa = PBXBuildFile; fileRef = E6E50E3E4B7E31CDF9D77EDE /* libPods-waka_watcher-waka_watcher.a */; };
		7F06D639330A830A243E0885 /* libPods-waka_watcher-waka_watcher_heartbeat.a in Frameworks */ = {isa = PBXBuildFile; fileRef = 29A6B5369B09D2F46F04BBB3 /* libPods-waka_watcher-waka_watcher_heartbeat.a */; };
		843F3B81A159BFC6E59AE84A /* libPods-waka_watcher-waka_watcherUITests.a in Frameworks */ = {isa = PBXBuildFile; fileRef = 00BD530B2F8038FDF7EFB7D9 /* libPods-waka_watcher-waka_watcherUITests.a */; };
/* End PBXBuildFile section */

/* Begin PBXContainerItemProxy section */
		2B77BF391C36EE1A00A37049 /* PBXContainerItemProxy */ = {
			isa = PBXContainerItemProxy;
			containerPortal = 2B77BF1A1C36EE1A00A37049 /* Project object */;
			proxyType = 1;
			remoteGlobalIDString = 2B77BF211C36EE1A00A37049;
			remoteInfo = waka_watcher;
		};
		2B77BF441C36EE1A00A37049 /* PBXContainerItemProxy */ = {
			isa = PBXContainerItemProxy;
			containerPortal = 2B77BF1A1C36EE1A00A37049 /* Project object */;
			proxyType = 1;
			remoteGlobalIDString = 2B77BF211C36EE1A00A37049;
			remoteInfo = waka_watcher;
		};
		2B7DB5D81D271EEA001B3917 /* PBXContainerItemProxy */ = {
			isa = PBXContainerItemProxy;
			containerPortal = 2B77BF1A1C36EE1A00A37049 /* Project object */;
			proxyType = 1;
			remoteGlobalIDString = 2B7DB5CE1D271EEA001B3917;
			remoteInfo = waka_watcher_heartbeat;
		};
/* End PBXContainerItemProxy section */

/* Begin PBXCopyFilesBuildPhase section */
		2B7DB5DE1D271EEA001B3917 /* Embed XPC Services */ = {
			isa = PBXCopyFilesBuildPhase;
			buildActionMask = 2147483647;
			dstPath = "$(CONTENTS_FOLDER_PATH)/XPCServices";
			dstSubfolderSpec = 16;
			files = (
				2B7DB5DA1D271EEA001B3917 /* waka_watcher_heartbeat.xpc in Embed XPC Services */,
			);
			name = "Embed XPC Services";
			runOnlyForDeploymentPostprocessing = 0;
		};
		2B7DB5DF1D271EFA001B3917 /* CopyFiles */ = {
			isa = PBXCopyFilesBuildPhase;
			buildActionMask = 2147483647;
			dstPath = "";
			dstSubfolderSpec = 12;
			files = (
				2B7DB5E21D271F48001B3917 /* wakatime in CopyFiles */,
			);
			runOnlyForDeploymentPostprocessing = 0;
		};
/* End PBXCopyFilesBuildPhase section */

/* Begin PBXFileReference section */
		00BD530B2F8038FDF7EFB7D9 /* libPods-waka_watcher-waka_watcherUITests.a */ = {isa = PBXFileReference; explicitFileType = archive.ar; includeInIndex = 0; path = "libPods-waka_watcher-waka_watcherUITests.a"; sourceTree = BUILT_PRODUCTS_DIR; };
		01DDBD9B9228B2B9DD461996 /* Pods-waka_watcher-waka_watcher_heartbeat.debug.xcconfig */ = {isa = PBXFileReference; includeInIndex = 1; lastKnownFileType = text.xcconfig; name = "Pods-waka_watcher-waka_watcher_heartbeat.debug.xcconfig"; path = "Pods/Target Support Files/Pods-waka_watcher-waka_watcher_heartbeat/Pods-waka_watcher-waka_watcher_heartbeat.debug.xcconfig"; sourceTree = "<group>"; };
		29A6B5369B09D2F46F04BBB3 /* libPods-waka_watcher-waka_watcher_heartbeat.a */ = {isa = PBXFileReference; explicitFileType = archive.ar; includeInIndex = 0; path = "libPods-waka_watcher-waka_watcher_heartbeat.a"; sourceTree = BUILT_PRODUCTS_DIR; };
		2B0669891D3963A700CDD56A /* .travis.yml */ = {isa = PBXFileReference; fileEncoding = 4; lastKnownFileType = text; path = .travis.yml; sourceTree = "<group>"; };
		2B06698B1D39755400CDD56A /* WWDirectoryDataSource.h */ = {isa = PBXFileReference; fileEncoding = 4; lastKnownFileType = sourcecode.c.h; path = WWDirectoryDataSource.h; sourceTree = "<group>"; };
		2B06698C1D39755400CDD56A /* WWDirectoryDataSource.m */ = {isa = PBXFileReference; fileEncoding = 4; lastKnownFileType = sourcecode.c.objc; path = WWDirectoryDataSource.m; sourceTree = "<group>"; };
		2B06F6481D5145F4005979D7 /* .clang-format */ = {isa = PBXFileReference; lastKnownFileType = text; path = ".clang-format"; sourceTree = "<group>"; };
		2B06F6491D5145FC005979D7 /* .gitignore */ = {isa = PBXFileReference; lastKnownFileType = text; path = .gitignore; sourceTree = "<group>"; };
		2B06F64A1D514607005979D7 /* .gitmodules */ = {isa = PBXFileReference; lastKnownFileType = text; path = .gitmodules; sourceTree = "<group>"; };
		2B06F64B1D51460F005979D7 /* Podfile */ = {isa = PBXFileReference; lastKnownFileType = text; path = Podfile; sourceTree = "<group>"; };
		2B2142E51D53B37C0006615D /* PrefixHeader.pch */ = {isa = PBXFileReference; fileEncoding = 4; lastKnownFileType = sourcecode.c.h; path = PrefixHeader.pch; sourceTree = "<group>"; };
		2B2C304B1D399313009DBD6A /* FileView.h */ = {isa = PBXFileReference; fileEncoding = 4; lastKnownFileType = sourcecode.c.h; path = FileView.h; sourceTree = "<group>"; };
		2B2C304C1D399313009DBD6A /* FileView.m */ = {isa = PBXFileReference; fileEncoding = 4; lastKnownFileType = sourcecode.c.objc; path = FileView.m; sourceTree = "<group>"; };
		2B2C304E1D399328009DBD6A /* ModifiedView.h */ = {isa = PBXFileReference; fileEncoding = 4; lastKnownFileType = sourcecode.c.h; path = ModifiedView.h; sourceTree = "<group>"; };
		2B2C304F1D399328009DBD6A /* ModifiedView.m */ = {isa = PBXFileReference; fileEncoding = 4; lastKnownFileType = sourcecode.c.objc; path = ModifiedView.m; sourceTree = "<group>"; };
		2B38EB501D3EED7500D7C039 /* WWDirectoryItem.h */ = {isa = PBXFileReference; fileEncoding = 4; lastKnownFileType = sourcecode.c.h; path = WWDirectoryItem.h; sourceTree = "<group>"; };
		2B38EB511D3EED7500D7C039 /* WWDirectoryItem.m */ = {isa = PBXFileReference; fileEncoding = 4; lastKnownFileType = sourcecode.c.objc; path = WWDirectoryItem.m; sourceTree = "<group>"; };
		2B77BF221C36EE1A00A37049 /* Waka Watcher.app */ = {isa = PBXFileReference; explicitFileType = wrapper.application; includeInIndex = 0; path = "Waka Watcher.app"; sourceTree = BUILT_PRODUCTS_DIR; };
		2B77BF251C36EE1A00A37049 /* AppDelegate.h */ = {isa = PBXFileReference; lastKnownFileType = sourcecode.c.h; path = AppDelegate.h; sourceTree = "<group>"; };
		2B77BF261C36EE1A00A37049 /* AppDelegate.m */ = {isa = PBXFileReference; lastKnownFileType = sourcecode.c.objc; path = AppDelegate.m; sourceTree = "<group>"; };
		2B77BF291C36EE1A00A37049 /* main.m */ = {isa = PBXFileReference; lastKnownFileType = sourcecode.c.objc; path = main.m; sourceTree = "<group>"; };
		2B77BF2B1C36EE1A00A37049 /* ViewController.h */ = {isa = PBXFileReference; lastKnownFileType = sourcecode.c.h; path = ViewController.h; sourceTree = "<group>"; };
		2B77BF2C1C36EE1A00A37049 /* ViewController.m */ = {isa = PBXFileReference; lastKnownFileType = sourcecode.c.objc; path = ViewController.m; sourceTree = "<group>"; };
		2B77BF2E1C36EE1A00A37049 /* Assets.xcassets */ = {isa = PBXFileReference; lastKnownFileType = folder.assetcatalog; path = Assets.xcassets; sourceTree = "<group>"; };
		2B77BF311C36EE1A00A37049 /* Base */ = {isa = PBXFileReference; lastKnownFileType = file.storyboard; name = Base; path = Base.lproj/Main.storyboard; sourceTree = "<group>"; };
		2B77BF331C36EE1A00A37049 /* Info.plist */ = {isa = PBXFileReference; lastKnownFileType = text.plist.xml; path = Info.plist; sourceTree = "<group>"; };
		2B77BF381C36EE1A00A37049 /* waka_watcherTests.xctest */ = {isa = PBXFileReference; explicitFileType = wrapper.cfbundle; includeInIndex = 0; path = waka_watcherTests.xctest; sourceTree = BUILT_PRODUCTS_DIR; };
		2B77BF3C1C36EE1A00A37049 /* waka_watcherTests.m */ = {isa = PBXFileReference; lastKnownFileType = sourcecode.c.objc; path = waka_watcherTests.m; sourceTree = "<group>"; };
		2B77BF3E1C36EE1A00A37049 /* Info.plist */ = {isa = PBXFileReference; lastKnownFileType = text.plist.xml; path = Info.plist; sourceTree = "<group>"; };
		2B77BF431C36EE1A00A37049 /* waka_watcherUITests.xctest */ = {isa = PBXFileReference; explicitFileType = wrapper.cfbundle; includeInIndex = 0; path = waka_watcherUITests.xctest; sourceTree = BUILT_PRODUCTS_DIR; };
		2B77BF471C36EE1A00A37049 /* waka_watcherUITests.m */ = {isa = PBXFileReference; lastKnownFileType = sourcecode.c.objc; path = waka_watcherUITests.m; sourceTree = "<group>"; };
		2B77BF491C36EE1A00A37049 /* Info.plist */ = {isa = PBXFileReference; lastKnownFileType = text.plist.xml; path = Info.plist; sourceTree = "<group>"; };
		2B7DB5CF1D271EEA001B3917 /* waka_watcher_heartbeat.xpc */ = {isa = PBXFileReference; explicitFileType = "wrapper.xpc-service"; includeInIndex = 0; path = waka_watcher_heartbeat.xpc; sourceTree = BUILT_PRODUCTS_DIR; };
		2B7DB5D11D271EEA001B3917 /* waka_watcher_heartbeatProtocol.h */ = {isa = PBXFileReference; lastKnownFileType = sourcecode.c.h; path = waka_watcher_heartbeatProtocol.h; sourceTree = "<group>"; };
		2B7DB5D21D271EEA001B3917 /* waka_watcher_heartbeat.h */ = {isa = PBXFileReference; lastKnownFileType = sourcecode.c.h; path = waka_watcher_heartbeat.h; sourceTree = "<group>"; };
		2B7DB5D31D271EEA001B3917 /* waka_watcher_heartbeat.m */ = {isa = PBXFileReference; lastKnownFileType = sourcecode.c.objc; path = waka_watcher_heartbeat.m; sourceTree = "<group>"; };
		2B7DB5D51D271EEA001B3917 /* main.m */ = {isa = PBXFileReference; lastKnownFileType = sourcecode.c.objc; path = main.m; sourceTree = "<group>"; };
		2B7DB5D71D271EEA001B3917 /* Info.plist */ = {isa = PBXFileReference; lastKnownFileType = text.plist.xml; path = Info.plist; sourceTree = "<group>"; };
		2B7DB5E01D271F3A001B3917 /* wakatime */ = {isa = PBXFileReference; lastKnownFileType = folder; name = wakatime; path = "wakatime-submodule/wakatime"; sourceTree = "<group>"; };
		2B83CB781D3FD19500EA4960 /* waka_watcher.pch */ = {isa = PBXFileReference; lastKnownFileType = sourcecode.c.h; path = waka_watcher.pch; sourceTree = "<group>"; };
		2B83CB791D3FD79000EA4960 /* WWDirectoryDataSourceTests.m */ = {isa = PBXFileReference; fileEncoding = 4; lastKnownFileType = sourcecode.c.objc; path = WWDirectoryDataSourceTests.m; sourceTree = "<group>"; };
		2B83CB7B1D3FDDDC00EA4960 /* UserDefaults.plist */ = {isa = PBXFileReference; fileEncoding = 4; lastKnownFileType = text.plist.xml; path = UserDefaults.plist; sourceTree = "<group>"; };
		2BA4E6851D513F8B00359024 /* WWDirectoryItemTests.m */ = {isa = PBXFileReference; fileEncoding = 4; lastKnownFileType = sourcecode.c.objc; path = WWDirectoryItemTests.m; sourceTree = "<group>"; };
		2BBA7C241D40160C00FFF9B3 /* SCDTestCase.h */ = {isa = PBXFileReference; fileEncoding = 4; lastKnownFileType = sourcecode.c.h; path = SCDTestCase.h; sourceTree = "<group>"; };
		2BBA7C251D40160C00FFF9B3 /* SCDTestCase.m */ = {isa = PBXFileReference; fileEncoding = 4; lastKnownFileType = sourcecode.c.objc; path = SCDTestCase.m; sourceTree = "<group>"; };
		2BBA7C281D40168E00FFF9B3 /* one_file.txt */ = {isa = PBXFileReference; fileEncoding = 4; lastKnownFileType = text; path = one_file.txt; sourceTree = "<group>"; };
		2BBA7C2A1D40169B00FFF9B3 /* two_file.text */ = {isa = PBXFileReference; fileEncoding = 4; lastKnownFileType = net.daringfireball.markdown; path = two_file.text; sourceTree = "<group>"; };
		2BDBDC8F1D3958ED006D6B0E /* SCDFolderMonitor.h */ = {isa = PBXFileReference; fileEncoding = 4; lastKnownFileType = sourcecode.c.h; path = SCDFolderMonitor.h; sourceTree = "<group>"; };
		2BDBDC901D3958ED006D6B0E /* SCDFolderMonitor.m */ = {isa = PBXFileReference; fileEncoding = 4; lastKnownFileType = sourcecode.c.objc; path = SCDFolderMonitor.m; sourceTree = "<group>"; };
		381C9F374D54BFB81FD9A79A /* Pods-waka_watcher-waka_watcher.travis.xcconfig */ = {isa = PBXFileReference; includeInIndex = 1; lastKnownFileType = text.xcconfig; name = "Pods-waka_watcher-waka_watcher.travis.xcconfig"; path = "Pods/Target Support Files/Pods-waka_watcher-waka_watcher/Pods-waka_watcher-waka_watcher.travis.xcconfig"; sourceTree = "<group>"; };
		4B13AE6656B0C46EA9526928 /* Pods-waka_watcher-waka_watcher_heartbeat.travis.xcconfig */ = {isa = PBXFileReference; includeInIndex = 1; lastKnownFileType = text.xcconfig; name = "Pods-waka_watcher-waka_watcher_heartbeat.travis.xcconfig"; path = "Pods/Target Support Files/Pods-waka_watcher-waka_watcher_heartbeat/Pods-waka_watcher-waka_watcher_heartbeat.travis.xcconfig"; sourceTree = "<group>"; };
		7268504FC2D04D0A0E9BA366 /* Pods-waka_watcher-waka_watcherUITests.travis.xcconfig */ = {isa = PBXFileReference; includeInIndex = 1; lastKnownFileType = text.xcconfig; name = "Pods-waka_watcher-waka_watcherUITests.travis.xcconfig"; path = "Pods/Target Support Files/Pods-waka_watcher-waka_watcherUITests/Pods-waka_watcher-waka_watcherUITests.travis.xcconfig"; sourceTree = "<group>"; };
		A00FC19BE212B3F2504D812E /* libPods-waka_watcher-waka_watcherTests.a */ = {isa = PBXFileReference; explicitFileType = archive.ar; includeInIndex = 0; path = "libPods-waka_watcher-waka_watcherTests.a"; sourceTree = BUILT_PRODUCTS_DIR; };
		B507130C3C8BF0575CD0B24F /* Pods-waka_watcher-waka_watcher_heartbeat.release.xcconfig */ = {isa = PBXFileReference; includeInIndex = 1; lastKnownFileType = text.xcconfig; name = "Pods-waka_watcher-waka_watcher_heartbeat.release.xcconfig"; path = "Pods/Target Support Files/Pods-waka_watcher-waka_watcher_heartbeat/Pods-waka_watcher-waka_watcher_heartbeat.release.xcconfig"; sourceTree = "<group>"; };
		C1CEF74A9A3D2E0116C7274B /* Pods-waka_watcher-waka_watcher.release.xcconfig */ = {isa = PBXFileReference; includeInIndex = 1; lastKnownFileType = text.xcconfig; name = "Pods-waka_watcher-waka_watcher.release.xcconfig"; path = "Pods/Target Support Files/Pods-waka_watcher-waka_watcher/Pods-waka_watcher-waka_watcher.release.xcconfig"; sourceTree = "<group>"; };
		CA0EB90CF7DE1773FE9F275A /* Pods-waka_watcher-waka_watcherUITests.debug.xcconfig */ = {isa = PBXFileReference; includeInIndex = 1; lastKnownFileType = text.xcconfig; name = "Pods-waka_watcher-waka_watcherUITests.debug.xcconfig"; path = "Pods/Target Support Files/Pods-waka_watcher-waka_watcherUITests/Pods-waka_watcher-waka_watcherUITests.debug.xcconfig"; sourceTree = "<group>"; };
		CFC144E127502682DF1823A6 /* Pods-waka_watcher-waka_watcherUITests.release.xcconfig */ = {isa = PBXFileReference; includeInIndex = 1; lastKnownFileType = text.xcconfig; name = "Pods-waka_watcher-waka_watcherUITests.release.xcconfig"; path = "Pods/Target Support Files/Pods-waka_watcher-waka_watcherUITests/Pods-waka_watcher-waka_watcherUITests.release.xcconfig"; sourceTree = "<group>"; };
		D112A50AAB3F205A66339F6B /* Pods-waka_watcher-waka_watcher.debug.xcconfig */ = {isa = PBXFileReference; includeInIndex = 1; lastKnownFileType = text.xcconfig; name = "Pods-waka_watcher-waka_watcher.debug.xcconfig"; path = "Pods/Target Support Files/Pods-waka_watcher-waka_watcher/Pods-waka_watcher-waka_watcher.debug.xcconfig"; sourceTree = "<group>"; };
		D2A2B4251637263E7D0E6BE0 /* Pods-waka_watcher-waka_watcherTests.debug.xcconfig */ = {isa = PBXFileReference; includeInIndex = 1; lastKnownFileType = text.xcconfig; name = "Pods-waka_watcher-waka_watcherTests.debug.xcconfig"; path = "Pods/Target Support Files/Pods-waka_watcher-waka_watcherTests/Pods-waka_watcher-waka_watcherTests.debug.xcconfig"; sourceTree = "<group>"; };
		E6E50E3E4B7E31CDF9D77EDE /* libPods-waka_watcher-waka_watcher.a */ = {isa = PBXFileReference; explicitFileType = archive.ar; includeInIndex = 0; path = "libPods-waka_watcher-waka_watcher.a"; sourceTree = BUILT_PRODUCTS_DIR; };
		EACEB7AD4306F2A325146EAA /* Pods-waka_watcher-waka_watcherTests.travis.xcconfig */ = {isa = PBXFileReference; includeInIndex = 1; lastKnownFileType = text.xcconfig; name = "Pods-waka_watcher-waka_watcherTests.travis.xcconfig"; path = "Pods/Target Support Files/Pods-waka_watcher-waka_watcherTests/Pods-waka_watcher-waka_watcherTests.travis.xcconfig"; sourceTree = "<group>"; };
		FCA35F7ED78DC4B227FF4D9C /* Pods-waka_watcher-waka_watcherTests.release.xcconfig */ = {isa = PBXFileReference; includeInIndex = 1; lastKnownFileType = text.xcconfig; name = "Pods-waka_watcher-waka_watcherTests.release.xcconfig"; path = "Pods/Target Support Files/Pods-waka_watcher-waka_watcherTests/Pods-waka_watcher-waka_watcherTests.release.xcconfig"; sourceTree = "<group>"; };
/* End PBXFileReference section */

/* Begin PBXFrameworksBuildPhase section */
		2B77BF1F1C36EE1A00A37049 /* Frameworks */ = {
			isa = PBXFrameworksBuildPhase;
			buildActionMask = 2147483647;
			files = (
				3653C272208D61BCDA4D2658 /* libPods-waka_watcher-waka_watcher.a in Frameworks */,
			);
			runOnlyForDeploymentPostprocessing = 0;
		};
		2B77BF351C36EE1A00A37049 /* Frameworks */ = {
			isa = PBXFrameworksBuildPhase;
			buildActionMask = 2147483647;
			files = (
				01C283F63E2D5CF81DA9713D /* libPods-waka_watcher-waka_watcherTests.a in Frameworks */,
			);
			runOnlyForDeploymentPostprocessing = 0;
		};
		2B77BF401C36EE1A00A37049 /* Frameworks */ = {
			isa = PBXFrameworksBuildPhase;
			buildActionMask = 2147483647;
			files = (
				843F3B81A159BFC6E59AE84A /* libPods-waka_watcher-waka_watcherUITests.a in Frameworks */,
			);
			runOnlyForDeploymentPostprocessing = 0;
		};
		2B7DB5CC1D271EEA001B3917 /* Frameworks */ = {
			isa = PBXFrameworksBuildPhase;
			buildActionMask = 2147483647;
			files = (
				7F06D639330A830A243E0885 /* libPods-waka_watcher-waka_watcher_heartbeat.a in Frameworks */,
			);
			runOnlyForDeploymentPostprocessing = 0;
		};
/* End PBXFrameworksBuildPhase section */

/* Begin PBXGroup section */
		23FECD2F5365522D3C905565 /* Pods */ = {
			isa = PBXGroup;
			children = (
				D2A2B4251637263E7D0E6BE0 /* Pods-waka_watcher-waka_watcherTests.debug.xcconfig */,
				FCA35F7ED78DC4B227FF4D9C /* Pods-waka_watcher-waka_watcherTests.release.xcconfig */,
				CA0EB90CF7DE1773FE9F275A /* Pods-waka_watcher-waka_watcherUITests.debug.xcconfig */,
				CFC144E127502682DF1823A6 /* Pods-waka_watcher-waka_watcherUITests.release.xcconfig */,
				D112A50AAB3F205A66339F6B /* Pods-waka_watcher-waka_watcher.debug.xcconfig */,
				C1CEF74A9A3D2E0116C7274B /* Pods-waka_watcher-waka_watcher.release.xcconfig */,
				01DDBD9B9228B2B9DD461996 /* Pods-waka_watcher-waka_watcher_heartbeat.debug.xcconfig */,
				B507130C3C8BF0575CD0B24F /* Pods-waka_watcher-waka_watcher_heartbeat.release.xcconfig */,
				381C9F374D54BFB81FD9A79A /* Pods-waka_watcher-waka_watcher.travis.xcconfig */,
				EACEB7AD4306F2A325146EAA /* Pods-waka_watcher-waka_watcherTests.travis.xcconfig */,
				7268504FC2D04D0A0E9BA366 /* Pods-waka_watcher-waka_watcherUITests.travis.xcconfig */,
				4B13AE6656B0C46EA9526928 /* Pods-waka_watcher-waka_watcher_heartbeat.travis.xcconfig */,
			);
			name = Pods;
			sourceTree = "<group>";
		};
		2B0669881D39638900CDD56A /* Settings */ = {
			isa = PBXGroup;
			children = (
				2B06F64B1D51460F005979D7 /* Podfile */,
				2B06F64A1D514607005979D7 /* .gitmodules */,
				2B06F6491D5145FC005979D7 /* .gitignore */,
				2B06F6481D5145F4005979D7 /* .clang-format */,
				2B0669891D3963A700CDD56A /* .travis.yml */,
			);
			name = Settings;
			sourceTree = "<group>";
		};
		2B2C30441D398295009DBD6A /* View Controllers */ = {
			isa = PBXGroup;
			children = (
				2B77BF2B1C36EE1A00A37049 /* ViewController.h */,
				2B77BF2C1C36EE1A00A37049 /* ViewController.m */,
				2B2C304B1D399313009DBD6A /* FileView.h */,
				2B2C304C1D399313009DBD6A /* FileView.m */,
				2B2C304E1D399328009DBD6A /* ModifiedView.h */,
				2B2C304F1D399328009DBD6A /* ModifiedView.m */,
			);
			name = "View Controllers";
			sourceTree = "<group>";
		};
		2B77BF191C36EE1A00A37049 = {
			isa = PBXGroup;
			children = (
				2B0669881D39638900CDD56A /* Settings */,
				2B7DB5E01D271F3A001B3917 /* wakatime */,
				2B77BF241C36EE1A00A37049 /* waka_watcher */,
				2B77BF3B1C36EE1A00A37049 /* waka_watcherTests */,
				2B77BF461C36EE1A00A37049 /* waka_watcherUITests */,
				2B7DB5D01D271EEA001B3917 /* waka_watcher_heartbeat */,
				2B77BF231C36EE1A00A37049 /* Products */,
				23FECD2F5365522D3C905565 /* Pods */,
				7EB7390FAF58E3BF7D09715F /* Frameworks */,
			);
			sourceTree = "<group>";
		};
		2B77BF231C36EE1A00A37049 /* Products */ = {
			isa = PBXGroup;
			children = (
				2B77BF221C36EE1A00A37049 /* Waka Watcher.app */,
				2B77BF381C36EE1A00A37049 /* waka_watcherTests.xctest */,
				2B77BF431C36EE1A00A37049 /* waka_watcherUITests.xctest */,
				2B7DB5CF1D271EEA001B3917 /* waka_watcher_heartbeat.xpc */,
			);
			name = Products;
			sourceTree = "<group>";
		};
		2B77BF241C36EE1A00A37049 /* waka_watcher */ = {
			isa = PBXGroup;
			children = (
				2B2C30441D398295009DBD6A /* View Controllers */,
				2BDBDC8F1D3958ED006D6B0E /* SCDFolderMonitor.h */,
				2BDBDC901D3958ED006D6B0E /* SCDFolderMonitor.m */,
				2B77BF251C36EE1A00A37049 /* AppDelegate.h */,
				2B77BF261C36EE1A00A37049 /* AppDelegate.m */,
				2B77BF2E1C36EE1A00A37049 /* Assets.xcassets */,
				2B77BF301C36EE1A00A37049 /* Main.storyboard */,
				2B77BF331C36EE1A00A37049 /* Info.plist */,
				2B77BF281C36EE1A00A37049 /* Supporting Files */,
				2B06698B1D39755400CDD56A /* WWDirectoryDataSource.h */,
				2B06698C1D39755400CDD56A /* WWDirectoryDataSource.m */,
				2B38EB501D3EED7500D7C039 /* WWDirectoryItem.h */,
				2B38EB511D3EED7500D7C039 /* WWDirectoryItem.m */,
			);
			path = waka_watcher;
			sourceTree = "<group>";
		};
		2B77BF281C36EE1A00A37049 /* Supporting Files */ = {
			isa = PBXGroup;
			children = (
				2B77BF291C36EE1A00A37049 /* main.m */,
				2B83CB781D3FD19500EA4960 /* waka_watcher.pch */,
				2B83CB7B1D3FDDDC00EA4960 /* UserDefaults.plist */,
			);
			name = "Supporting Files";
			sourceTree = "<group>";
		};
		2B77BF3B1C36EE1A00A37049 /* waka_watcherTests */ = {
			isa = PBXGroup;
			children = (
				2BBA7C271D40166900FFF9B3 /* TestResources */,
				2BBA7C241D40160C00FFF9B3 /* SCDTestCase.h */,
				2BBA7C251D40160C00FFF9B3 /* SCDTestCase.m */,
				2B77BF3C1C36EE1A00A37049 /* waka_watcherTests.m */,
				2B77BF3E1C36EE1A00A37049 /* Info.plist */,
				2B83CB791D3FD79000EA4960 /* WWDirectoryDataSourceTests.m */,
				2BA4E6851D513F8B00359024 /* WWDirectoryItemTests.m */,
				2B2142E51D53B37C0006615D /* PrefixHeader.pch */,
			);
			path = waka_watcherTests;
			sourceTree = "<group>";
		};
		2B77BF461C36EE1A00A37049 /* waka_watcherUITests */ = {
			isa = PBXGroup;
			children = (
				2B77BF471C36EE1A00A37049 /* waka_watcherUITests.m */,
				2B77BF491C36EE1A00A37049 /* Info.plist */,
			);
			path = waka_watcherUITests;
			sourceTree = "<group>";
		};
		2B7DB5D01D271EEA001B3917 /* waka_watcher_heartbeat */ = {
			isa = PBXGroup;
			children = (
				2B7DB5D11D271EEA001B3917 /* waka_watcher_heartbeatProtocol.h */,
				2B7DB5D21D271EEA001B3917 /* waka_watcher_heartbeat.h */,
				2B7DB5D31D271EEA001B3917 /* waka_watcher_heartbeat.m */,
				2B7DB5D51D271EEA001B3917 /* main.m */,
				2B7DB5D71D271EEA001B3917 /* Info.plist */,
			);
			path = waka_watcher_heartbeat;
			sourceTree = "<group>";
		};
		2BBA7C271D40166900FFF9B3 /* TestResources */ = {
			isa = PBXGroup;
			children = (
				2BBA7C281D40168E00FFF9B3 /* one_file.txt */,
				2BBA7C2A1D40169B00FFF9B3 /* two_file.text */,
			);
			name = TestResources;
			sourceTree = "<group>";
		};
		7EB7390FAF58E3BF7D09715F /* Frameworks */ = {
			isa = PBXGroup;
			children = (
				E6E50E3E4B7E31CDF9D77EDE /* libPods-waka_watcher-waka_watcher.a */,
				29A6B5369B09D2F46F04BBB3 /* libPods-waka_watcher-waka_watcher_heartbeat.a */,
				A00FC19BE212B3F2504D812E /* libPods-waka_watcher-waka_watcherTests.a */,
				00BD530B2F8038FDF7EFB7D9 /* libPods-waka_watcher-waka_watcherUITests.a */,
			);
			name = Frameworks;
			sourceTree = "<group>";
		};
/* End PBXGroup section */

/* Begin PBXNativeTarget section */
		2B77BF211C36EE1A00A37049 /* waka_watcher */ = {
			isa = PBXNativeTarget;
			buildConfigurationList = 2B77BF4C1C36EE1A00A37049 /* Build configuration list for PBXNativeTarget "waka_watcher" */;
			buildPhases = (
				F7D1D31796B28FC966CE8001 /* 📦 Check Pods Manifest.lock */,
				2B77BF1E1C36EE1A00A37049 /* Sources */,
				2B77BF1F1C36EE1A00A37049 /* Frameworks */,
				2B77BF201C36EE1A00A37049 /* Resources */,
				2B7DB5DE1D271EEA001B3917 /* Embed XPC Services */,
				B899DE15A7CC8EE1722BF9F2 /* 📦 Embed Pods Frameworks */,
				4BD4D009D7701E1B90E23639 /* 📦 Copy Pods Resources */,
			);
			buildRules = (
			);
			dependencies = (
				2B7DB5D91D271EEA001B3917 /* PBXTargetDependency */,
			);
			name = waka_watcher;
			productName = waka_watcher;
			productReference = 2B77BF221C36EE1A00A37049 /* Waka Watcher.app */;
			productType = "com.apple.product-type.application";
		};
		2B77BF371C36EE1A00A37049 /* waka_watcherTests */ = {
			isa = PBXNativeTarget;
			buildConfigurationList = 2B77BF4F1C36EE1A00A37049 /* Build configuration list for PBXNativeTarget "waka_watcherTests" */;
			buildPhases = (
				FF8744012F9B1EBFAFE8A6C5 /* 📦 Check Pods Manifest.lock */,
				2B77BF341C36EE1A00A37049 /* Sources */,
				2B77BF351C36EE1A00A37049 /* Frameworks */,
				2B77BF361C36EE1A00A37049 /* Resources */,
				9A03E3411805FBB1E54426A3 /* 📦 Embed Pods Frameworks */,
				B039A16E017F6006303D40AC /* 📦 Copy Pods Resources */,
			);
			buildRules = (
			);
			dependencies = (
				2B77BF3A1C36EE1A00A37049 /* PBXTargetDependency */,
			);
			name = waka_watcherTests;
			productName = waka_watcherTests;
			productReference = 2B77BF381C36EE1A00A37049 /* waka_watcherTests.xctest */;
			productType = "com.apple.product-type.bundle.unit-test";
		};
		2B77BF421C36EE1A00A37049 /* waka_watcherUITests */ = {
			isa = PBXNativeTarget;
			buildConfigurationList = 2B77BF521C36EE1A00A37049 /* Build configuration list for PBXNativeTarget "waka_watcherUITests" */;
			buildPhases = (
				32CBB2C1AB296C990C4634CC /* 📦 Check Pods Manifest.lock */,
				2B77BF3F1C36EE1A00A37049 /* Sources */,
				2B77BF401C36EE1A00A37049 /* Frameworks */,
				2B77BF411C36EE1A00A37049 /* Resources */,
				38A0280E7FFB26125E4C8E36 /* 📦 Copy Pods Resources */,
			);
			buildRules = (
			);
			dependencies = (
				2B77BF451C36EE1A00A37049 /* PBXTargetDependency */,
			);
			name = waka_watcherUITests;
			productName = waka_watcherUITests;
			productReference = 2B77BF431C36EE1A00A37049 /* waka_watcherUITests.xctest */;
			productType = "com.apple.product-type.bundle.ui-testing";
		};
		2B7DB5CE1D271EEA001B3917 /* waka_watcher_heartbeat */ = {
			isa = PBXNativeTarget;
			buildConfigurationList = 2B7DB5DD1D271EEA001B3917 /* Build configuration list for PBXNativeTarget "waka_watcher_heartbeat" */;
			buildPhases = (
				3AC734A4AE17C785F9A8F07D /* 📦 Check Pods Manifest.lock */,
				2B7DB5CB1D271EEA001B3917 /* Sources */,
				2B7DB5CC1D271EEA001B3917 /* Frameworks */,
				2B7DB5CD1D271EEA001B3917 /* Resources */,
				2B7DB5DF1D271EFA001B3917 /* CopyFiles */,
				FEB01063A321E5F24B9E3E38 /* 📦 Copy Pods Resources */,
			);
			buildRules = (
			);
			dependencies = (
			);
			name = waka_watcher_heartbeat;
			productName = waka_watcher_heartbeat;
			productReference = 2B7DB5CF1D271EEA001B3917 /* waka_watcher_heartbeat.xpc */;
			productType = "com.apple.product-type.xpc-service";
		};
/* End PBXNativeTarget section */

/* Begin PBXProject section */
		2B77BF1A1C36EE1A00A37049 /* Project object */ = {
			isa = PBXProject;
			attributes = {
				LastUpgradeCheck = 0720;
				ORGANIZATIONNAME = "Samuel DeVore";
				TargetAttributes = {
					2B77BF211C36EE1A00A37049 = {
						CreatedOnToolsVersion = 7.2;
						DevelopmentTeam = CV9TRZ7X9F;
					};
					2B77BF371C36EE1A00A37049 = {
						CreatedOnToolsVersion = 7.2;
						ProvisioningStyle = Automatic;
						TestTargetID = 2B77BF211C36EE1A00A37049;
					};
					2B77BF421C36EE1A00A37049 = {
						CreatedOnToolsVersion = 7.2;
						TestTargetID = 2B77BF211C36EE1A00A37049;
					};
					2B7DB5CE1D271EEA001B3917 = {
						CreatedOnToolsVersion = 7.3.1;
						DevelopmentTeam = CV9TRZ7X9F;
					};
				};
			};
			buildConfigurationList = 2B77BF1D1C36EE1A00A37049 /* Build configuration list for PBXProject "waka_watcher" */;
			compatibilityVersion = "Xcode 3.2";
			developmentRegion = English;
			hasScannedForEncodings = 0;
			knownRegions = (
				en,
				Base,
			);
			mainGroup = 2B77BF191C36EE1A00A37049;
			productRefGroup = 2B77BF231C36EE1A00A37049 /* Products */;
			projectDirPath = "";
			projectRoot = "";
			targets = (
				2B77BF211C36EE1A00A37049 /* waka_watcher */,
				2B77BF371C36EE1A00A37049 /* waka_watcherTests */,
				2B77BF421C36EE1A00A37049 /* waka_watcherUITests */,
				2B7DB5CE1D271EEA001B3917 /* waka_watcher_heartbeat */,
			);
		};
/* End PBXProject section */

/* Begin PBXResourcesBuildPhase section */
		2B77BF201C36EE1A00A37049 /* Resources */ = {
			isa = PBXResourcesBuildPhase;
			buildActionMask = 2147483647;
			files = (
				2B77BF2F1C36EE1A00A37049 /* Assets.xcassets in Resources */,
				2B77BF321C36EE1A00A37049 /* Main.storyboard in Resources */,
				2B83CB7C1D3FDDDC00EA4960 /* UserDefaults.plist in Resources */,
			);
			runOnlyForDeploymentPostprocessing = 0;
		};
		2B77BF361C36EE1A00A37049 /* Resources */ = {
			isa = PBXResourcesBuildPhase;
			buildActionMask = 2147483647;
			files = (
				2BBA7C291D40168E00FFF9B3 /* one_file.txt in Resources */,
				2BBA7C2C1D4016BD00FFF9B3 /* two_file.text in Resources */,
			);
			runOnlyForDeploymentPostprocessing = 0;
		};
		2B77BF411C36EE1A00A37049 /* Resources */ = {
			isa = PBXResourcesBuildPhase;
			buildActionMask = 2147483647;
			files = (
			);
			runOnlyForDeploymentPostprocessing = 0;
		};
		2B7DB5CD1D271EEA001B3917 /* Resources */ = {
			isa = PBXResourcesBuildPhase;
			buildActionMask = 2147483647;
			files = (
				2B7DB5E11D271F3A001B3917 /* wakatime in Resources */,
			);
			runOnlyForDeploymentPostprocessing = 0;
		};
/* End PBXResourcesBuildPhase section */

/* Begin PBXShellScriptBuildPhase section */
		32CBB2C1AB296C990C4634CC /* 📦 Check Pods Manifest.lock */ = {
			isa = PBXShellScriptBuildPhase;
			buildActionMask = 2147483647;
			files = (
			);
			inputPaths = (
			);
			name = "📦 Check Pods Manifest.lock";
			outputPaths = (
			);
			runOnlyForDeploymentPostprocessing = 0;
			shellPath = /bin/sh;
			shellScript = "diff \"${PODS_ROOT}/../Podfile.lock\" \"${PODS_ROOT}/Manifest.lock\" > /dev/null\nif [[ $? != 0 ]] ; then\n    cat << EOM\nerror: The sandbox is not in sync with the Podfile.lock. Run 'pod install' or update your CocoaPods installation.\nEOM\n    exit 1\nfi\n";
			showEnvVarsInLog = 0;
		};
		38A0280E7FFB26125E4C8E36 /* 📦 Copy Pods Resources */ = {
			isa = PBXShellScriptBuildPhase;
			buildActionMask = 2147483647;
			files = (
			);
			inputPaths = (
			);
			name = "📦 Copy Pods Resources";
			outputPaths = (
			);
			runOnlyForDeploymentPostprocessing = 0;
			shellPath = /bin/sh;
			shellScript = "\"${SRCROOT}/Pods/Target Support Files/Pods-waka_watcher-waka_watcherUITests/Pods-waka_watcher-waka_watcherUITests-resources.sh\"\n";
			showEnvVarsInLog = 0;
		};
		3AC734A4AE17C785F9A8F07D /* 📦 Check Pods Manifest.lock */ = {
			isa = PBXShellScriptBuildPhase;
			buildActionMask = 2147483647;
			files = (
			);
			inputPaths = (
			);
			name = "📦 Check Pods Manifest.lock";
			outputPaths = (
			);
			runOnlyForDeploymentPostprocessing = 0;
			shellPath = /bin/sh;
			shellScript = "diff \"${PODS_ROOT}/../Podfile.lock\" \"${PODS_ROOT}/Manifest.lock\" > /dev/null\nif [[ $? != 0 ]] ; then\n    cat << EOM\nerror: The sandbox is not in sync with the Podfile.lock. Run 'pod install' or update your CocoaPods installation.\nEOM\n    exit 1\nfi\n";
			showEnvVarsInLog = 0;
		};
		4BD4D009D7701E1B90E23639 /* 📦 Copy Pods Resources */ = {
			isa = PBXShellScriptBuildPhase;
			buildActionMask = 2147483647;
			files = (
			);
			inputPaths = (
			);
			name = "📦 Copy Pods Resources";
			outputPaths = (
			);
			runOnlyForDeploymentPostprocessing = 0;
			shellPath = /bin/sh;
			shellScript = "\"${SRCROOT}/Pods/Target Support Files/Pods-waka_watcher-waka_watcher/Pods-waka_watcher-waka_watcher-resources.sh\"\n";
			showEnvVarsInLog = 0;
		};
		9A03E3411805FBB1E54426A3 /* 📦 Embed Pods Frameworks */ = {
			isa = PBXShellScriptBuildPhase;
			buildActionMask = 2147483647;
			files = (
			);
			inputPaths = (
			);
			name = "📦 Embed Pods Frameworks";
			outputPaths = (
			);
			runOnlyForDeploymentPostprocessing = 0;
			shellPath = /bin/sh;
			shellScript = "\"${SRCROOT}/Pods/Target Support Files/Pods-waka_watcher-waka_watcherTests/Pods-waka_watcher-waka_watcherTests-frameworks.sh\"\n";
			showEnvVarsInLog = 0;
		};
		B039A16E017F6006303D40AC /* 📦 Copy Pods Resources */ = {
			isa = PBXShellScriptBuildPhase;
			buildActionMask = 2147483647;
			files = (
			);
			inputPaths = (
			);
			name = "📦 Copy Pods Resources";
			outputPaths = (
			);
			runOnlyForDeploymentPostprocessing = 0;
			shellPath = /bin/sh;
			shellScript = "\"${SRCROOT}/Pods/Target Support Files/Pods-waka_watcher-waka_watcherTests/Pods-waka_watcher-waka_watcherTests-resources.sh\"\n";
			showEnvVarsInLog = 0;
		};
		B899DE15A7CC8EE1722BF9F2 /* 📦 Embed Pods Frameworks */ = {
			isa = PBXShellScriptBuildPhase;
			buildActionMask = 2147483647;
			files = (
			);
			inputPaths = (
			);
			name = "📦 Embed Pods Frameworks";
			outputPaths = (
			);
			runOnlyForDeploymentPostprocessing = 0;
			shellPath = /bin/sh;
			shellScript = "\"${SRCROOT}/Pods/Target Support Files/Pods-waka_watcher-waka_watcher/Pods-waka_watcher-waka_watcher-frameworks.sh\"\n";
			showEnvVarsInLog = 0;
		};
		F7D1D31796B28FC966CE8001 /* 📦 Check Pods Manifest.lock */ = {
			isa = PBXShellScriptBuildPhase;
			buildActionMask = 2147483647;
			files = (
			);
			inputPaths = (
			);
			name = "📦 Check Pods Manifest.lock";
			outputPaths = (
			);
			runOnlyForDeploymentPostprocessing = 0;
			shellPath = /bin/sh;
			shellScript = "diff \"${PODS_ROOT}/../Podfile.lock\" \"${PODS_ROOT}/Manifest.lock\" > /dev/null\nif [[ $? != 0 ]] ; then\n    cat << EOM\nerror: The sandbox is not in sync with the Podfile.lock. Run 'pod install' or update your CocoaPods installation.\nEOM\n    exit 1\nfi\n";
			showEnvVarsInLog = 0;
		};
		FEB01063A321E5F24B9E3E38 /* 📦 Copy Pods Resources */ = {
			isa = PBXShellScriptBuildPhase;
			buildActionMask = 2147483647;
			files = (
			);
			inputPaths = (
			);
			name = "📦 Copy Pods Resources";
			outputPaths = (
			);
			runOnlyForDeploymentPostprocessing = 0;
			shellPath = /bin/sh;
			shellScript = "\"${SRCROOT}/Pods/Target Support Files/Pods-waka_watcher-waka_watcher_heartbeat/Pods-waka_watcher-waka_watcher_heartbeat-resources.sh\"\n";
			showEnvVarsInLog = 0;
		};
		FF8744012F9B1EBFAFE8A6C5 /* 📦 Check Pods Manifest.lock */ = {
			isa = PBXShellScriptBuildPhase;
			buildActionMask = 2147483647;
			files = (
			);
			inputPaths = (
			);
			name = "📦 Check Pods Manifest.lock";
			outputPaths = (
			);
			runOnlyForDeploymentPostprocessing = 0;
			shellPath = /bin/sh;
			shellScript = "diff \"${PODS_ROOT}/../Podfile.lock\" \"${PODS_ROOT}/Manifest.lock\" > /dev/null\nif [[ $? != 0 ]] ; then\n    cat << EOM\nerror: The sandbox is not in sync with the Podfile.lock. Run 'pod install' or update your CocoaPods installation.\nEOM\n    exit 1\nfi\n";
			showEnvVarsInLog = 0;
		};
/* End PBXShellScriptBuildPhase section */

/* Begin PBXSourcesBuildPhase section */
		2B77BF1E1C36EE1A00A37049 /* Sources */ = {
			isa = PBXSourcesBuildPhase;
			buildActionMask = 2147483647;
			files = (
				2B06698D1D39755400CDD56A /* WWDirectoryDataSource.m in Sources */,
				2B2C30501D399328009DBD6A /* ModifiedView.m in Sources */,
				2B77BF2D1C36EE1A00A37049 /* ViewController.m in Sources */,
				2B2C304D1D399313009DBD6A /* FileView.m in Sources */,
				2B77BF2A1C36EE1A00A37049 /* main.m in Sources */,
				2B77BF271C36EE1A00A37049 /* AppDelegate.m in Sources */,
				2B38EB521D3EED7500D7C039 /* WWDirectoryItem.m in Sources */,
				2BDBDC911D3958ED006D6B0E /* SCDFolderMonitor.m in Sources */,
			);
			runOnlyForDeploymentPostprocessing = 0;
		};
		2B77BF341C36EE1A00A37049 /* Sources */ = {
			isa = PBXSourcesBuildPhase;
			buildActionMask = 2147483647;
			files = (
				2BBA7C261D40160C00FFF9B3 /* SCDTestCase.m in Sources */,
				2B83CB7A1D3FD79000EA4960 /* WWDirectoryDataSourceTests.m in Sources */,
				2BA4E6861D513F8B00359024 /* WWDirectoryItemTests.m in Sources */,
				2BBA7B2D1D40014E00FFF9B3 /* WWDirectoryDataSource.m in Sources */,
				2BBA7B2E1D40015300FFF9B3 /* WWDirectoryItem.m in Sources */,
				2B77BF3D1C36EE1A00A37049 /* waka_watcherTests.m in Sources */,
			);
			runOnlyForDeploymentPostprocessing = 0;
		};
		2B77BF3F1C36EE1A00A37049 /* Sources */ = {
			isa = PBXSourcesBuildPhase;
			buildActionMask = 2147483647;
			files = (
				2B77BF481C36EE1A00A37049 /* waka_watcherUITests.m in Sources */,
			);
			runOnlyForDeploymentPostprocessing = 0;
		};
		2B7DB5CB1D271EEA001B3917 /* Sources */ = {
			isa = PBXSourcesBuildPhase;
			buildActionMask = 2147483647;
			files = (
				2BDBDC921D3958ED006D6B0E /* SCDFolderMonitor.m in Sources */,
				2B7DB5D61D271EEA001B3917 /* main.m in Sources */,
				2B7DB5D41D271EEA001B3917 /* waka_watcher_heartbeat.m in Sources */,
			);
			runOnlyForDeploymentPostprocessing = 0;
		};
/* End PBXSourcesBuildPhase section */

/* Begin PBXTargetDependency section */
		2B77BF3A1C36EE1A00A37049 /* PBXTargetDependency */ = {
			isa = PBXTargetDependency;
			target = 2B77BF211C36EE1A00A37049 /* waka_watcher */;
			targetProxy = 2B77BF391C36EE1A00A37049 /* PBXContainerItemProxy */;
		};
		2B77BF451C36EE1A00A37049 /* PBXTargetDependency */ = {
			isa = PBXTargetDependency;
			target = 2B77BF211C36EE1A00A37049 /* waka_watcher */;
			targetProxy = 2B77BF441C36EE1A00A37049 /* PBXContainerItemProxy */;
		};
		2B7DB5D91D271EEA001B3917 /* PBXTargetDependency */ = {
			isa = PBXTargetDependency;
			target = 2B7DB5CE1D271EEA001B3917 /* waka_watcher_heartbeat */;
			targetProxy = 2B7DB5D81D271EEA001B3917 /* PBXContainerItemProxy */;
		};
/* End PBXTargetDependency section */

/* Begin PBXVariantGroup section */
		2B77BF301C36EE1A00A37049 /* Main.storyboard */ = {
			isa = PBXVariantGroup;
			children = (
				2B77BF311C36EE1A00A37049 /* Base */,
			);
			name = Main.storyboard;
			sourceTree = "<group>";
		};
/* End PBXVariantGroup section */

/* Begin XCBuildConfiguration section */
		2B68D5071D39A99A00E42A88 /* Travis */ = {
			isa = XCBuildConfiguration;
			buildSettings = {
				ALWAYS_SEARCH_USER_PATHS = NO;
				CLANG_CXX_LANGUAGE_STANDARD = "gnu++0x";
				CLANG_CXX_LIBRARY = "libc++";
				CLANG_ENABLE_MODULES = YES;
				CLANG_ENABLE_OBJC_ARC = YES;
				CLANG_WARN_BOOL_CONVERSION = YES;
				CLANG_WARN_CONSTANT_CONVERSION = YES;
				CLANG_WARN_DIRECT_OBJC_ISA_USAGE = YES_ERROR;
				CLANG_WARN_EMPTY_BODY = YES;
				CLANG_WARN_ENUM_CONVERSION = YES;
				CLANG_WARN_INT_CONVERSION = YES;
				CLANG_WARN_OBJC_ROOT_CLASS = YES_ERROR;
				CLANG_WARN_UNREACHABLE_CODE = YES;
				CLANG_WARN__DUPLICATE_METHOD_MATCH = YES;
				CODE_SIGN_IDENTITY = "-";
				COPY_PHASE_STRIP = NO;
				DEBUG_INFORMATION_FORMAT = "dwarf-with-dsym";
				ENABLE_NS_ASSERTIONS = NO;
				ENABLE_STRICT_OBJC_MSGSEND = YES;
				GCC_C_LANGUAGE_STANDARD = gnu99;
				GCC_NO_COMMON_BLOCKS = YES;
				GCC_PREPROCESSOR_DEFINITIONS = "DEBUG=1";
				GCC_WARN_64_TO_32_BIT_CONVERSION = YES;
				GCC_WARN_ABOUT_RETURN_TYPE = YES_ERROR;
				GCC_WARN_UNDECLARED_SELECTOR = YES;
				GCC_WARN_UNINITIALIZED_AUTOS = YES_AGGRESSIVE;
				GCC_WARN_UNUSED_FUNCTION = YES;
				GCC_WARN_UNUSED_VARIABLE = YES;
				MACOSX_DEPLOYMENT_TARGET = 10.10;
				MTL_ENABLE_DEBUG_INFO = NO;
				SDKROOT = macosx;
			};
			name = Travis;
		};
		2B68D5081D39A99A00E42A88 /* Travis */ = {
			isa = XCBuildConfiguration;
			baseConfigurationReference = 381C9F374D54BFB81FD9A79A /* Pods-waka_watcher-waka_watcher.travis.xcconfig */;
			buildSettings = {
				ASSETCATALOG_COMPILER_APPICON_NAME = AppIcon;
				CODE_SIGN_IDENTITY = "";
				COMBINE_HIDPI_IMAGES = YES;
				GCC_PRECOMPILE_PREFIX_HEADER = YES;
				GCC_PREFIX_HEADER = waka_watcher/waka_watcher.pch;
				INFOPLIST_FILE = waka_watcher/Info.plist;
				LD_RUNPATH_SEARCH_PATHS = "$(inherited) @executable_path/../Frameworks";
				PRODUCT_BUNDLE_IDENTIFIER = "com.scidsolutions.waka-watcher";
				PRODUCT_NAME = "Waka Watcher";
			};
			name = Travis;
		};
		2B68D5091D39A99A00E42A88 /* Travis */ = {
			isa = XCBuildConfiguration;
			baseConfigurationReference = EACEB7AD4306F2A325146EAA /* Pods-waka_watcher-waka_watcherTests.travis.xcconfig */;
			buildSettings = {
				BUNDLE_LOADER = "$(TEST_HOST)";
				CODE_SIGN_IDENTITY = "Mac Developer";
				COMBINE_HIDPI_IMAGES = YES;
				GCC_OPTIMIZATION_LEVEL = 0;
				GCC_PRECOMPILE_PREFIX_HEADER = YES;
				GCC_PREFIX_HEADER = waka_watcherTests/PrefixHeader.pch;
				INFOPLIST_FILE = waka_watcherTests/Info.plist;
				LD_RUNPATH_SEARCH_PATHS = "$(inherited) @executable_path/../Frameworks @loader_path/../Frameworks";
				PRODUCT_BUNDLE_IDENTIFIER = "com.scidsolutions.waka-watcherTests";
				PRODUCT_NAME = "$(TARGET_NAME)";
				TEST_HOST = "$(BUILT_PRODUCTS_DIR)/Waka Watcher.app/Contents/MacOS/Waka Watcher";
			};
			name = Travis;
		};
		2B68D50A1D39A99A00E42A88 /* Travis */ = {
			isa = XCBuildConfiguration;
			baseConfigurationReference = 7268504FC2D04D0A0E9BA366 /* Pods-waka_watcher-waka_watcherUITests.travis.xcconfig */;
			buildSettings = {
				COMBINE_HIDPI_IMAGES = YES;
				INFOPLIST_FILE = waka_watcherUITests/Info.plist;
				LD_RUNPATH_SEARCH_PATHS = "$(inherited) @executable_path/../Frameworks @loader_path/../Frameworks";
				PRODUCT_BUNDLE_IDENTIFIER = "com.scidsolutions.waka-watcherUITests";
				PRODUCT_NAME = "$(TARGET_NAME)";
				TEST_TARGET_NAME = waka_watcher;
				USES_XCTRUNNER = YES;
			};
			name = Travis;
		};
		2B68D50B1D39A99A00E42A88 /* Travis */ = {
			isa = XCBuildConfiguration;
			baseConfigurationReference = 4B13AE6656B0C46EA9526928 /* Pods-waka_watcher-waka_watcher_heartbeat.travis.xcconfig */;
			buildSettings = {
				CLANG_ANALYZER_NONNULL = YES;
				CODE_SIGN_IDENTITY = "";
				COMBINE_HIDPI_IMAGES = YES;
				INFOPLIST_FILE = waka_watcher_heartbeat/Info.plist;
				MACOSX_DEPLOYMENT_TARGET = 10.11;
				PRODUCT_BUNDLE_IDENTIFIER = "com.scidsolutions.waka-watcher-heartbeat";
				PRODUCT_NAME = "$(TARGET_NAME)";
				SKIP_INSTALL = YES;
			};
			name = Travis;
		};
		2B77BF4A1C36EE1A00A37049 /* Debug */ = {
			isa = XCBuildConfiguration;
			buildSettings = {
				ALWAYS_SEARCH_USER_PATHS = NO;
				CLANG_CXX_LANGUAGE_STANDARD = "gnu++0x";
				CLANG_CXX_LIBRARY = "libc++";
				CLANG_ENABLE_MODULES = YES;
				CLANG_ENABLE_OBJC_ARC = YES;
				CLANG_WARN_BOOL_CONVERSION = YES;
				CLANG_WARN_CONSTANT_CONVERSION = YES;
				CLANG_WARN_DIRECT_OBJC_ISA_USAGE = YES_ERROR;
				CLANG_WARN_EMPTY_BODY = YES;
				CLANG_WARN_ENUM_CONVERSION = YES;
				CLANG_WARN_INT_CONVERSION = YES;
				CLANG_WARN_OBJC_ROOT_CLASS = YES_ERROR;
				CLANG_WARN_UNREACHABLE_CODE = YES;
				CLANG_WARN__DUPLICATE_METHOD_MATCH = YES;
				CODE_SIGN_IDENTITY = "-";
				COPY_PHASE_STRIP = NO;
				DEBUG_INFORMATION_FORMAT = dwarf;
				ENABLE_STRICT_OBJC_MSGSEND = YES;
				ENABLE_TESTABILITY = YES;
				GCC_C_LANGUAGE_STANDARD = gnu99;
				GCC_DYNAMIC_NO_PIC = NO;
				GCC_NO_COMMON_BLOCKS = YES;
				GCC_OPTIMIZATION_LEVEL = 0;
				GCC_PREPROCESSOR_DEFINITIONS = (
					"DEBUG=1",
					"$(inherited)",
				);
				GCC_WARN_64_TO_32_BIT_CONVERSION = YES;
				GCC_WARN_ABOUT_RETURN_TYPE = YES_ERROR;
				GCC_WARN_UNDECLARED_SELECTOR = YES;
				GCC_WARN_UNINITIALIZED_AUTOS = YES_AGGRESSIVE;
				GCC_WARN_UNUSED_FUNCTION = YES;
				GCC_WARN_UNUSED_VARIABLE = YES;
				MACOSX_DEPLOYMENT_TARGET = 10.10;
				MTL_ENABLE_DEBUG_INFO = YES;
				ONLY_ACTIVE_ARCH = YES;
				SDKROOT = macosx;
			};
			name = Debug;
		};
		2B77BF4B1C36EE1A00A37049 /* Release */ = {
			isa = XCBuildConfiguration;
			buildSettings = {
				ALWAYS_SEARCH_USER_PATHS = NO;
				CLANG_CXX_LANGUAGE_STANDARD = "gnu++0x";
				CLANG_CXX_LIBRARY = "libc++";
				CLANG_ENABLE_MODULES = YES;
				CLANG_ENABLE_OBJC_ARC = YES;
				CLANG_WARN_BOOL_CONVERSION = YES;
				CLANG_WARN_CONSTANT_CONVERSION = YES;
				CLANG_WARN_DIRECT_OBJC_ISA_USAGE = YES_ERROR;
				CLANG_WARN_EMPTY_BODY = YES;
				CLANG_WARN_ENUM_CONVERSION = YES;
				CLANG_WARN_INT_CONVERSION = YES;
				CLANG_WARN_OBJC_ROOT_CLASS = YES_ERROR;
				CLANG_WARN_UNREACHABLE_CODE = YES;
				CLANG_WARN__DUPLICATE_METHOD_MATCH = YES;
				CODE_SIGN_IDENTITY = "-";
				COPY_PHASE_STRIP = NO;
				DEBUG_INFORMATION_FORMAT = "dwarf-with-dsym";
				ENABLE_NS_ASSERTIONS = NO;
				ENABLE_STRICT_OBJC_MSGSEND = YES;
				GCC_C_LANGUAGE_STANDARD = gnu99;
				GCC_NO_COMMON_BLOCKS = YES;
				GCC_WARN_64_TO_32_BIT_CONVERSION = YES;
				GCC_WARN_ABOUT_RETURN_TYPE = YES_ERROR;
				GCC_WARN_UNDECLARED_SELECTOR = YES;
				GCC_WARN_UNINITIALIZED_AUTOS = YES_AGGRESSIVE;
				GCC_WARN_UNUSED_FUNCTION = YES;
				GCC_WARN_UNUSED_VARIABLE = YES;
				MACOSX_DEPLOYMENT_TARGET = 10.10;
				MTL_ENABLE_DEBUG_INFO = NO;
				SDKROOT = macosx;
			};
			name = Release;
		};
		2B77BF4D1C36EE1A00A37049 /* Debug */ = {
			isa = XCBuildConfiguration;
			baseConfigurationReference = D112A50AAB3F205A66339F6B /* Pods-waka_watcher-waka_watcher.debug.xcconfig */;
			buildSettings = {
				ASSETCATALOG_COMPILER_APPICON_NAME = AppIcon;
				CODE_SIGN_IDENTITY = "Developer ID Application";
				COMBINE_HIDPI_IMAGES = YES;
				GCC_PRECOMPILE_PREFIX_HEADER = YES;
				GCC_PREFIX_HEADER = waka_watcher/waka_watcher.pch;
				INFOPLIST_FILE = waka_watcher/Info.plist;
				LD_RUNPATH_SEARCH_PATHS = "$(inherited) @executable_path/../Frameworks";
				PRODUCT_BUNDLE_IDENTIFIER = "com.scidsolutions.waka-watcher";
				PRODUCT_NAME = "Waka Watcher";
				PROVISIONING_PROFILE_SPECIFIER = CV9TRZ7X9F/;
			};
			name = Debug;
		};
		2B77BF4E1C36EE1A00A37049 /* Release */ = {
			isa = XCBuildConfiguration;
			baseConfigurationReference = C1CEF74A9A3D2E0116C7274B /* Pods-waka_watcher-waka_watcher.release.xcconfig */;
			buildSettings = {
				ASSETCATALOG_COMPILER_APPICON_NAME = AppIcon;
				CODE_SIGN_IDENTITY = "Developer ID Application";
				COMBINE_HIDPI_IMAGES = YES;
				GCC_PRECOMPILE_PREFIX_HEADER = YES;
				GCC_PREFIX_HEADER = waka_watcher/waka_watcher.pch;
				INFOPLIST_FILE = waka_watcher/Info.plist;
				LD_RUNPATH_SEARCH_PATHS = "$(inherited) @executable_path/../Frameworks";
				PRODUCT_BUNDLE_IDENTIFIER = "com.scidsolutions.waka-watcher";
				PRODUCT_NAME = "Waka Watcher";
			};
			name = Release;
		};
		2B77BF501C36EE1A00A37049 /* Debug */ = {
			isa = XCBuildConfiguration;
			baseConfigurationReference = D2A2B4251637263E7D0E6BE0 /* Pods-waka_watcher-waka_watcherTests.debug.xcconfig */;
			buildSettings = {
				BUNDLE_LOADER = "$(TEST_HOST)";
				CODE_SIGN_IDENTITY = "Mac Developer";
				COMBINE_HIDPI_IMAGES = YES;
				GCC_PRECOMPILE_PREFIX_HEADER = YES;
				GCC_PREFIX_HEADER = waka_watcherTests/PrefixHeader.pch;
				INFOPLIST_FILE = waka_watcherTests/Info.plist;
				LD_RUNPATH_SEARCH_PATHS = "$(inherited) @executable_path/../Frameworks @loader_path/../Frameworks";
				PRODUCT_BUNDLE_IDENTIFIER = "com.scidsolutions.waka-watcherTests";
				PRODUCT_NAME = "$(TARGET_NAME)";
				TEST_HOST = "$(BUILT_PRODUCTS_DIR)/Waka Watcher.app/Contents/MacOS/Waka Watcher";
			};
			name = Debug;
		};
		2B77BF511C36EE1A00A37049 /* Release */ = {
			isa = XCBuildConfiguration;
			baseConfigurationReference = FCA35F7ED78DC4B227FF4D9C /* Pods-waka_watcher-waka_watcherTests.release.xcconfig */;
			buildSettings = {
				BUNDLE_LOADER = "$(TEST_HOST)";
				CODE_SIGN_IDENTITY = "Mac Developer";
				COMBINE_HIDPI_IMAGES = YES;
				GCC_PRECOMPILE_PREFIX_HEADER = YES;
				GCC_PREFIX_HEADER = waka_watcherTests/PrefixHeader.pch;
				INFOPLIST_FILE = waka_watcherTests/Info.plist;
				LD_RUNPATH_SEARCH_PATHS = "$(inherited) @executable_path/../Frameworks @loader_path/../Frameworks";
				PRODUCT_BUNDLE_IDENTIFIER = "com.scidsolutions.waka-watcherTests";
				PRODUCT_NAME = "$(TARGET_NAME)";
				TEST_HOST = "$(BUILT_PRODUCTS_DIR)/Waka Watcher.app/Contents/MacOS/Waka Watcher";
			};
			name = Release;
		};
		2B77BF531C36EE1A00A37049 /* Debug */ = {
			isa = XCBuildConfiguration;
			baseConfigurationReference = CA0EB90CF7DE1773FE9F275A /* Pods-waka_watcher-waka_watcherUITests.debug.xcconfig */;
			buildSettings = {
				COMBINE_HIDPI_IMAGES = YES;
				INFOPLIST_FILE = waka_watcherUITests/Info.plist;
				LD_RUNPATH_SEARCH_PATHS = "$(inherited) @executable_path/../Frameworks @loader_path/../Frameworks";
				PRODUCT_BUNDLE_IDENTIFIER = "com.scidsolutions.waka-watcherUITests";
				PRODUCT_NAME = "$(TARGET_NAME)";
				TEST_TARGET_NAME = waka_watcher;
				USES_XCTRUNNER = YES;
			};
			name = Debug;
		};
		2B77BF541C36EE1A00A37049 /* Release */ = {
			isa = XCBuildConfiguration;
			baseConfigurationReference = CFC144E127502682DF1823A6 /* Pods-waka_watcher-waka_watcherUITests.release.xcconfig */;
			buildSettings = {
				COMBINE_HIDPI_IMAGES = YES;
				INFOPLIST_FILE = waka_watcherUITests/Info.plist;
				LD_RUNPATH_SEARCH_PATHS = "$(inherited) @executable_path/../Frameworks @loader_path/../Frameworks";
				PRODUCT_BUNDLE_IDENTIFIER = "com.scidsolutions.waka-watcherUITests";
				PRODUCT_NAME = "$(TARGET_NAME)";
				TEST_TARGET_NAME = waka_watcher;
				USES_XCTRUNNER = YES;
			};
			name = Release;
		};
		2B7DB5DB1D271EEA001B3917 /* Debug */ = {
			isa = XCBuildConfiguration;
			baseConfigurationReference = 01DDBD9B9228B2B9DD461996 /* Pods-waka_watcher-waka_watcher_heartbeat.debug.xcconfig */;
			buildSettings = {
				CLANG_ANALYZER_NONNULL = YES;
				CODE_SIGN_IDENTITY = "Developer ID Application";
				COMBINE_HIDPI_IMAGES = YES;
				INFOPLIST_FILE = waka_watcher_heartbeat/Info.plist;
				MACOSX_DEPLOYMENT_TARGET = 10.11;
				PRODUCT_BUNDLE_IDENTIFIER = "com.scidsolutions.waka-watcher-heartbeat";
				PRODUCT_NAME = "$(TARGET_NAME)";
				PROVISIONING_PROFILE_SPECIFIER = CV9TRZ7X9F/;
				SKIP_INSTALL = YES;
			};
			name = Debug;
		};
		2B7DB5DC1D271EEA001B3917 /* Release */ = {
			isa = XCBuildConfiguration;
			baseConfigurationReference = B507130C3C8BF0575CD0B24F /* Pods-waka_watcher-waka_watcher_heartbeat.release.xcconfig */;
			buildSettings = {
				CLANG_ANALYZER_NONNULL = YES;
				CODE_SIGN_IDENTITY = "Developer ID Application";
				COMBINE_HIDPI_IMAGES = YES;
				INFOPLIST_FILE = waka_watcher_heartbeat/Info.plist;
				MACOSX_DEPLOYMENT_TARGET = 10.11;
				PRODUCT_BUNDLE_IDENTIFIER = "com.scidsolutions.waka-watcher-heartbeat";
				PRODUCT_NAME = "$(TARGET_NAME)";
				SKIP_INSTALL = YES;
			};
			name = Release;
		};
/* End XCBuildConfiguration section */

/* Begin XCConfigurationList section */
		2B77BF1D1C36EE1A00A37049 /* Build configuration list for PBXProject "waka_watcher" */ = {
			isa = XCConfigurationList;
			buildConfigurations = (
				2B77BF4A1C36EE1A00A37049 /* Debug */,
				2B77BF4B1C36EE1A00A37049 /* Release */,
				2B68D5071D39A99A00E42A88 /* Travis */,
			);
			defaultConfigurationIsVisible = 0;
			defaultConfigurationName = Release;
		};
		2B77BF4C1C36EE1A00A37049 /* Build configuration list for PBXNativeTarget "waka_watcher" */ = {
			isa = XCConfigurationList;
			buildConfigurations = (
				2B77BF4D1C36EE1A00A37049 /* Debug */,
				2B77BF4E1C36EE1A00A37049 /* Release */,
				2B68D5081D39A99A00E42A88 /* Travis */,
			);
			defaultConfigurationIsVisible = 0;
			defaultConfigurationName = Release;
		};
		2B77BF4F1C36EE1A00A37049 /* Build configuration list for PBXNativeTarget "waka_watcherTests" */ = {
			isa = XCConfigurationList;
			buildConfigurations = (
				2B77BF501C36EE1A00A37049 /* Debug */,
				2B77BF511C36EE1A00A37049 /* Release */,
				2B68D5091D39A99A00E42A88 /* Travis */,
			);
			defaultConfigurationIsVisible = 0;
			defaultConfigurationName = Release;
		};
		2B77BF521C36EE1A00A37049 /* Build configuration list for PBXNativeTarget "waka_watcherUITests" */ = {
			isa = XCConfigurationList;
			buildConfigurations = (
				2B77BF531C36EE1A00A37049 /* Debug */,
				2B77BF541C36EE1A00A37049 /* Release */,
				2B68D50A1D39A99A00E42A88 /* Travis */,
			);
			defaultConfigurationIsVisible = 0;
			defaultConfigurationName = Release;
		};
		2B7DB5DD1D271EEA001B3917 /* Build configuration list for PBXNativeTarget "waka_watcher_heartbeat" */ = {
			isa = XCConfigurationList;
			buildConfigurations = (
				2B7DB5DB1D271EEA001B3917 /* Debug */,
				2B7DB5DC1D271EEA001B3917 /* Release */,
				2B68D50B1D39A99A00E42A88 /* Travis */,
			);
			defaultConfigurationIsVisible = 0;
			defaultConfigurationName = Release;
		};
/* End XCConfigurationList section */
	};
	rootObject = 2B77BF1A1C36EE1A00A37049 /* Project object */;
}
