// !$*UTF8*$!
{
	archiveVersion = 1;
	classes = {
	};
	objectVersion = 46;
	objects = {

/* Begin PBXBuildFile section */
		2B77BF271C36EE1A00A37049 /* AppDelegate.m in Sources */ = {isa = PBXBuildFile; fileRef = 2B77BF261C36EE1A00A37049 /* AppDelegate.m */; };
		2B77BF2A1C36EE1A00A37049 /* main.m in Sources */ = {isa = PBXBuildFile; fileRef = 2B77BF291C36EE1A00A37049 /* main.m */; };
		2B77BF2D1C36EE1A00A37049 /* ViewController.m in Sources */ = {isa = PBXBuildFile; fileRef = 2B77BF2C1C36EE1A00A37049 /* ViewController.m */; };
		2B77BF2F1C36EE1A00A37049 /* Assets.xcassets in Resources */ = {isa = PBXBuildFile; fileRef = 2B77BF2E1C36EE1A00A37049 /* Assets.xcassets */; };
		2B77BF321C36EE1A00A37049 /* Main.storyboard in Resources */ = {isa = PBXBuildFile; fileRef = 2B77BF301C36EE1A00A37049 /* Main.storyboard */; };
		2B77BF3D1C36EE1A00A37049 /* waka_watcherTests.m in Sources */ = {isa = PBXBuildFile; fileRef = 2B77BF3C1C36EE1A00A37049 /* waka_watcherTests.m */; };
		2B77BF481C36EE1A00A37049 /* waka_watcherUITests.m in Sources */ = {isa = PBXBuildFile; fileRef = 2B77BF471C36EE1A00A37049 /* waka_watcherUITests.m */; };
/* End PBXBuildFile section */

/* Begin PBXContainerItemProxy section */
		2B77BF391C36EE1A00A37049 /* PBXContainerItemProxy */ = {
			isa = PBXContainerItemProxy;
			containerPortal = 2B77BF1A1C36EE1A00A37049 /* Project object */;
			proxyType = 1;
			remoteGlobalIDString = 2B77BF211C36EE1A00A37049;
			remoteInfo = waka_watcher;
		};
		2B77BF441C36EE1A00A37049 /* PBXContainerItemProxy */ = {
			isa = PBXContainerItemProxy;
			containerPortal = 2B77BF1A1C36EE1A00A37049 /* Project object */;
			proxyType = 1;
			remoteGlobalIDString = 2B77BF211C36EE1A00A37049;
			remoteInfo = waka_watcher;
		};
/* End PBXContainerItemProxy section */

/* Begin PBXFileReference section */
		2B77BF221C36EE1A00A37049 /* waka_watcher.app */ = {isa = PBXFileReference; explicitFileType = wrapper.application; includeInIndex = 0; path = waka_watcher.app; sourceTree = BUILT_PRODUCTS_DIR; };
		2B77BF251C36EE1A00A37049 /* AppDelegate.h */ = {isa = PBXFileReference; lastKnownFileType = sourcecode.c.h; path = AppDelegate.h; sourceTree = "<group>"; };
		2B77BF261C36EE1A00A37049 /* AppDelegate.m */ = {isa = PBXFileReference; lastKnownFileType = sourcecode.c.objc; path = AppDelegate.m; sourceTree = "<group>"; };
		2B77BF291C36EE1A00A37049 /* main.m */ = {isa = PBXFileReference; lastKnownFileType = sourcecode.c.objc; path = main.m; sourceTree = "<group>"; };
		2B77BF2B1C36EE1A00A37049 /* ViewController.h */ = {isa = PBXFileReference; lastKnownFileType = sourcecode.c.h; path = ViewController.h; sourceTree = "<group>"; };
		2B77BF2C1C36EE1A00A37049 /* ViewController.m */ = {isa = PBXFileReference; lastKnownFileType = sourcecode.c.objc; path = ViewController.m; sourceTree = "<group>"; };
		2B77BF2E1C36EE1A00A37049 /* Assets.xcassets */ = {isa = PBXFileReference; lastKnownFileType = folder.assetcatalog; path = Assets.xcassets; sourceTree = "<group>"; };
		2B77BF311C36EE1A00A37049 /* Base */ = {isa = PBXFileReference; lastKnownFileType = file.storyboard; name = Base; path = Base.lproj/Main.storyboard; sourceTree = "<group>"; };
		2B77BF331C36EE1A00A37049 /* Info.plist */ = {isa = PBXFileReference; lastKnownFileType = text.plist.xml; path = Info.plist; sourceTree = "<group>"; };
		2B77BF381C36EE1A00A37049 /* waka_watcherTests.xctest */ = {isa = PBXFileReference; explicitFileType = wrapper.cfbundle; includeInIndex = 0; path = waka_watcherTests.xctest; sourceTree = BUILT_PRODUCTS_DIR; };
		2B77BF3C1C36EE1A00A37049 /* waka_watcherTests.m */ = {isa = PBXFileReference; lastKnownFileType = sourcecode.c.objc; path = waka_watcherTests.m; sourceTree = "<group>"; };
		2B77BF3E1C36EE1A00A37049 /* Info.plist */ = {isa = PBXFileReference; lastKnownFileType = text.plist.xml; path = Info.plist; sourceTree = "<group>"; };
		2B77BF431C36EE1A00A37049 /* waka_watcherUITests.xctest */ = {isa = PBXFileReference; explicitFileType = wrapper.cfbundle; includeInIndex = 0; path = waka_watcherUITests.xctest; sourceTree = BUILT_PRODUCTS_DIR; };
		2B77BF471C36EE1A00A37049 /* waka_watcherUITests.m */ = {isa = PBXFileReference; lastKnownFileType = sourcecode.c.objc; path = waka_watcherUITests.m; sourceTree = "<group>"; };
		2B77BF491C36EE1A00A37049 /* Info.plist */ = {isa = PBXFileReference; lastKnownFileType = text.plist.xml; path = Info.plist; sourceTree = "<group>"; };
/* End PBXFileReference section */

/* Begin PBXFrameworksBuildPhase section */
		2B77BF1F1C36EE1A00A37049 /* Frameworks */ = {
			isa = PBXFrameworksBuildPhase;
			buildActionMask = 2147483647;
			files = (
			);
			runOnlyForDeploymentPostprocessing = 0;
		};
		2B77BF351C36EE1A00A37049 /* Frameworks */ = {
			isa = PBXFrameworksBuildPhase;
			buildActionMask = 2147483647;
			files = (
			);
			runOnlyForDeploymentPostprocessing = 0;
		};
		2B77BF401C36EE1A00A37049 /* Frameworks */ = {
			isa = PBXFrameworksBuildPhase;
			buildActionMask = 2147483647;
			files = (
			);
			runOnlyForDeploymentPostprocessing = 0;
		};
/* End PBXFrameworksBuildPhase section */

/* Begin PBXGroup section */
		2B77BF191C36EE1A00A37049 = {
			isa = PBXGroup;
			children = (
				2B77BF241C36EE1A00A37049 /* waka_watcher */,
				2B77BF3B1C36EE1A00A37049 /* waka_watcherTests */,
				2B77BF461C36EE1A00A37049 /* waka_watcherUITests */,
				2B77BF231C36EE1A00A37049 /* Products */,
			);
			sourceTree = "<group>";
		};
		2B77BF231C36EE1A00A37049 /* Products */ = {
			isa = PBXGroup;
			children = (
				2B77BF221C36EE1A00A37049 /* waka_watcher.app */,
				2B77BF381C36EE1A00A37049 /* waka_watcherTests.xctest */,
				2B77BF431C36EE1A00A37049 /* waka_watcherUITests.xctest */,
			);
			name = Products;
			sourceTree = "<group>";
		};
		2B77BF241C36EE1A00A37049 /* waka_watcher */ = {
			isa = PBXGroup;
			children = (
				2B77BF251C36EE1A00A37049 /* AppDelegate.h */,
				2B77BF261C36EE1A00A37049 /* AppDelegate.m */,
				2B77BF2B1C36EE1A00A37049 /* ViewController.h */,
				2B77BF2C1C36EE1A00A37049 /* ViewController.m */,
				2B77BF2E1C36EE1A00A37049 /* Assets.xcassets */,
				2B77BF301C36EE1A00A37049 /* Main.storyboard */,
				2B77BF331C36EE1A00A37049 /* Info.plist */,
				2B77BF281C36EE1A00A37049 /* Supporting Files */,
			);
			path = waka_watcher;
			sourceTree = "<group>";
		};
		2B77BF281C36EE1A00A37049 /* Supporting Files */ = {
			isa = PBXGroup;
			children = (
				2B77BF291C36EE1A00A37049 /* main.m */,
			);
			name = "Supporting Files";
			sourceTree = "<group>";
		};
		2B77BF3B1C36EE1A00A37049 /* waka_watcherTests */ = {
			isa = PBXGroup;
			children = (
				2B77BF3C1C36EE1A00A37049 /* waka_watcherTests.m */,
				2B77BF3E1C36EE1A00A37049 /* Info.plist */,
			);
			path = waka_watcherTests;
			sourceTree = "<group>";
		};
		2B77BF461C36EE1A00A37049 /* waka_watcherUITests */ = {
			isa = PBXGroup;
			children = (
				2B77BF471C36EE1A00A37049 /* waka_watcherUITests.m */,
				2B77BF491C36EE1A00A37049 /* Info.plist */,
			);
			path = waka_watcherUITests;
			sourceTree = "<group>";
		};
/* End PBXGroup section */

/* Begin PBXNativeTarget section */
		2B77BF211C36EE1A00A37049 /* waka_watcher */ = {
			isa = PBXNativeTarget;
			buildConfigurationList = 2B77BF4C1C36EE1A00A37049 /* Build configuration list for PBXNativeTarget "waka_watcher" */;
			buildPhases = (
				2B77BF1E1C36EE1A00A37049 /* Sources */,
				2B77BF1F1C36EE1A00A37049 /* Frameworks */,
				2B77BF201C36EE1A00A37049 /* Resources */,
			);
			buildRules = (
			);
			dependencies = (
			);
			name = waka_watcher;
			productName = waka_watcher;
			productReference = 2B77BF221C36EE1A00A37049 /* waka_watcher.app */;
			productType = "com.apple.product-type.application";
		};
		2B77BF371C36EE1A00A37049 /* waka_watcherTests */ = {
			isa = PBXNativeTarget;
			buildConfigurationList = 2B77BF4F1C36EE1A00A37049 /* Build configuration list for PBXNativeTarget "waka_watcherTests" */;
			buildPhases = (
				2B77BF341C36EE1A00A37049 /* Sources */,
				2B77BF351C36EE1A00A37049 /* Frameworks */,
				2B77BF361C36EE1A00A37049 /* Resources */,
			);
			buildRules = (
			);
			dependencies = (
				2B77BF3A1C36EE1A00A37049 /* PBXTargetDependency */,
			);
			name = waka_watcherTests;
			productName = waka_watcherTests;
			productReference = 2B77BF381C36EE1A00A37049 /* waka_watcherTests.xctest */;
			productType = "com.apple.product-type.bundle.unit-test";
		};
		2B77BF421C36EE1A00A37049 /* waka_watcherUITests */ = {
			isa = PBXNativeTarget;
			buildConfigurationList = 2B77BF521C36EE1A00A37049 /* Build configuration list for PBXNativeTarget "waka_watcherUITests" */;
			buildPhases = (
				2B77BF3F1C36EE1A00A37049 /* Sources */,
				2B77BF401C36EE1A00A37049 /* Frameworks */,
				2B77BF411C36EE1A00A37049 /* Resources */,
			);
			buildRules = (
			);
			dependencies = (
				2B77BF451C36EE1A00A37049 /* PBXTargetDependency */,
			);
			name = waka_watcherUITests;
			productName = waka_watcherUITests;
			productReference = 2B77BF431C36EE1A00A37049 /* waka_watcherUITests.xctest */;
			productType = "com.apple.product-type.bundle.ui-testing";
		};
/* End PBXNativeTarget section */

/* Begin PBXProject section */
		2B77BF1A1C36EE1A00A37049 /* Project object */ = {
			isa = PBXProject;
			attributes = {
				LastUpgradeCheck = 0720;
				ORGANIZATIONNAME = "Samuel DeVore";
				TargetAttributes = {
					2B77BF211C36EE1A00A37049 = {
						CreatedOnToolsVersion = 7.2;
					};
					2B77BF371C36EE1A00A37049 = {
						CreatedOnToolsVersion = 7.2;
						TestTargetID = 2B77BF211C36EE1A00A37049;
					};
					2B77BF421C36EE1A00A37049 = {
						CreatedOnToolsVersion = 7.2;
						TestTargetID = 2B77BF211C36EE1A00A37049;
					};
				};
			};
			buildConfigurationList = 2B77BF1D1C36EE1A00A37049 /* Build configuration list for PBXProject "waka_watcher" */;
			compatibilityVersion = "Xcode 3.2";
			developmentRegion = English;
			hasScannedForEncodings = 0;
			knownRegions = (
				en,
				Base,
			);
			mainGroup = 2B77BF191C36EE1A00A37049;
			productRefGroup = 2B77BF231C36EE1A00A37049 /* Products */;
			projectDirPath = "";
			projectRoot = "";
			targets = (
				2B77BF211C36EE1A00A37049 /* waka_watcher */,
				2B77BF371C36EE1A00A37049 /* waka_watcherTests */,
				2B77BF421C36EE1A00A37049 /* waka_watcherUITests */,
			);
		};
/* End PBXProject section */

/* Begin PBXResourcesBuildPhase section */
		2B77BF201C36EE1A00A37049 /* Resources */ = {
			isa = PBXResourcesBuildPhase;
			buildActionMask = 2147483647;
			files = (
				2B77BF2F1C36EE1A00A37049 /* Assets.xcassets in Resources */,
				2B77BF321C36EE1A00A37049 /* Main.storyboard in Resources */,
			);
			runOnlyForDeploymentPostprocessing = 0;
		};
		2B77BF361C36EE1A00A37049 /* Resources */ = {
			isa = PBXResourcesBuildPhase;
			buildActionMask = 2147483647;
			files = (
			);
			runOnlyForDeploymentPostprocessing = 0;
		};
		2B77BF411C36EE1A00A37049 /* Resources */ = {
			isa = PBXResourcesBuildPhase;
			buildActionMask = 2147483647;
			files = (
			);
			runOnlyForDeploymentPostprocessing = 0;
		};
/* End PBXResourcesBuildPhase section */

/* Begin PBXSourcesBuildPhase section */
		2B77BF1E1C36EE1A00A37049 /* Sources */ = {
			isa = PBXSourcesBuildPhase;
			buildActionMask = 2147483647;
			files = (
				2B77BF2D1C36EE1A00A37049 /* ViewController.m in Sources */,
				2B77BF2A1C36EE1A00A37049 /* main.m in Sources */,
				2B77BF271C36EE1A00A37049 /* AppDelegate.m in Sources */,
			);
			runOnlyForDeploymentPostprocessing = 0;
		};
		2B77BF341C36EE1A00A37049 /* Sources */ = {
			isa = PBXSourcesBuildPhase;
			buildActionMask = 2147483647;
			files = (
				2B77BF3D1C36EE1A00A37049 /* waka_watcherTests.m in Sources */,
			);
			runOnlyForDeploymentPostprocessing = 0;
		};
		2B77BF3F1C36EE1A00A37049 /* Sources */ = {
			isa = PBXSourcesBuildPhase;
			buildActionMask = 2147483647;
			files = (
				2B77BF481C36EE1A00A37049 /* waka_watcherUITests.m in Sources */,
			);
			runOnlyForDeploymentPostprocessing = 0;
		};
/* End PBXSourcesBuildPhase section */

/* Begin PBXTargetDependency section */
		2B77BF3A1C36EE1A00A37049 /* PBXTargetDependency */ = {
			isa = PBXTargetDependency;
			target = 2B77BF211C36EE1A00A37049 /* waka_watcher */;
			targetProxy = 2B77BF391C36EE1A00A37049 /* PBXContainerItemProxy */;
		};
		2B77BF451C36EE1A00A37049 /* PBXTargetDependency */ = {
			isa = PBXTargetDependency;
			target = 2B77BF211C36EE1A00A37049 /* waka_watcher */;
			targetProxy = 2B77BF441C36EE1A00A37049 /* PBXContainerItemProxy */;
		};
/* End PBXTargetDependency section */

/* Begin PBXVariantGroup section */
		2B77BF301C36EE1A00A37049 /* Main.storyboard */ = {
			isa = PBXVariantGroup;
			children = (
				2B77BF311C36EE1A00A37049 /* Base */,
			);
			name = Main.storyboard;
			sourceTree = "<group>";
		};
/* End PBXVariantGroup section */

/* Begin XCBuildConfiguration section */
		2B77BF4A1C36EE1A00A37049 /* Debug */ = {
			isa = XCBuildConfiguration;
			buildSettings = {
				ALWAYS_SEARCH_USER_PATHS = NO;
				CLANG_CXX_LANGUAGE_STANDARD = "gnu++0x";
				CLANG_CXX_LIBRARY = "libc++";
				CLANG_ENABLE_MODULES = YES;
				CLANG_ENABLE_OBJC_ARC = YES;
				CLANG_WARN_BOOL_CONVERSION = YES;
				CLANG_WARN_CONSTANT_CONVERSION = YES;
				CLANG_WARN_DIRECT_OBJC_ISA_USAGE = YES_ERROR;
				CLANG_WARN_EMPTY_BODY = YES;
				CLANG_WARN_ENUM_CONVERSION = YES;
				CLANG_WARN_INT_CONVERSION = YES;
				CLANG_WARN_OBJC_ROOT_CLASS = YES_ERROR;
				CLANG_WARN_UNREACHABLE_CODE = YES;
				CLANG_WARN__DUPLICATE_METHOD_MATCH = YES;
				CODE_SIGN_IDENTITY = "-";
				COPY_PHASE_STRIP = NO;
				DEBUG_INFORMATION_FORMAT = dwarf;
				ENABLE_STRICT_OBJC_MSGSEND = YES;
				ENABLE_TESTABILITY = YES;
				GCC_C_LANGUAGE_STANDARD = gnu99;
				GCC_DYNAMIC_NO_PIC = NO;
				GCC_NO_COMMON_BLOCKS = YES;
				GCC_OPTIMIZATION_LEVEL = 0;
				GCC_PREPROCESSOR_DEFINITIONS = (
					"DEBUG=1",
					"$(inherited)",
				);
				GCC_WARN_64_TO_32_BIT_CONVERSION = YES;
				GCC_WARN_ABOUT_RETURN_TYPE = YES_ERROR;
				GCC_WARN_UNDECLARED_SELECTOR = YES;
				GCC_WARN_UNINITIALIZED_AUTOS = YES_AGGRESSIVE;
				GCC_WARN_UNUSED_FUNCTION = YES;
				GCC_WARN_UNUSED_VARIABLE = YES;
				MACOSX_DEPLOYMENT_TARGET = 10.10;
				MTL_ENABLE_DEBUG_INFO = YES;
				ONLY_ACTIVE_ARCH = YES;
				SDKROOT = macosx;
			};
			name = Debug;
		};
		2B77BF4B1C36EE1A00A37049 /* Release */ = {
			isa = XCBuildConfiguration;
			buildSettings = {
				ALWAYS_SEARCH_USER_PATHS = NO;
				CLANG_CXX_LANGUAGE_STANDARD = "gnu++0x";
				CLANG_CXX_LIBRARY = "libc++";
				CLANG_ENABLE_MODULES = YES;
				CLANG_ENABLE_OBJC_ARC = YES;
				CLANG_WARN_BOOL_CONVERSION = YES;
				CLANG_WARN_CONSTANT_CONVERSION = YES;
				CLANG_WARN_DIRECT_OBJC_ISA_USAGE = YES_ERROR;
				CLANG_WARN_EMPTY_BODY = YES;
				CLANG_WARN_ENUM_CONVERSION = YES;
				CLANG_WARN_INT_CONVERSION = YES;
				CLANG_WARN_OBJC_ROOT_CLASS = YES_ERROR;
				CLANG_WARN_UNREACHABLE_CODE = YES;
				CLANG_WARN__DUPLICATE_METHOD_MATCH = YES;
				CODE_SIGN_IDENTITY = "-";
				COPY_PHASE_STRIP = NO;
				DEBUG_INFORMATION_FORMAT = "dwarf-with-dsym";
				ENABLE_NS_ASSERTIONS = NO;
				ENABLE_STRICT_OBJC_MSGSEND = YES;
				GCC_C_LANGUAGE_STANDARD = gnu99;
				GCC_NO_COMMON_BLOCKS = YES;
				GCC_WARN_64_TO_32_BIT_CONVERSION = YES;
				GCC_WARN_ABOUT_RETURN_TYPE = YES_ERROR;
				GCC_WARN_UNDECLARED_SELECTOR = YES;
				GCC_WARN_UNINITIALIZED_AUTOS = YES_AGGRESSIVE;
				GCC_WARN_UNUSED_FUNCTION = YES;
				GCC_WARN_UNUSED_VARIABLE = YES;
				MACOSX_DEPLOYMENT_TARGET = 10.10;
				MTL_ENABLE_DEBUG_INFO = NO;
				SDKROOT = macosx;
			};
			name = Release;
		};
		2B77BF4D1C36EE1A00A37049 /* Debug */ = {
			isa = XCBuildConfiguration;
			buildSettings = {
				ASSETCATALOG_COMPILER_APPICON_NAME = AppIcon;
				COMBINE_HIDPI_IMAGES = YES;
				INFOPLIST_FILE = waka_watcher/Info.plist;
				LD_RUNPATH_SEARCH_PATHS = "$(inherited) @executable_path/../Frameworks";
				PRODUCT_BUNDLE_IDENTIFIER = "com.scidsolutions.waka-watcher";
				PRODUCT_NAME = "$(TARGET_NAME)";
			};
			name = Debug;
		};
		2B77BF4E1C36EE1A00A37049 /* Release */ = {
			isa = XCBuildConfiguration;
			buildSettings = {
				ASSETCATALOG_COMPILER_APPICON_NAME = AppIcon;
				COMBINE_HIDPI_IMAGES = YES;
				INFOPLIST_FILE = waka_watcher/Info.plist;
				LD_RUNPATH_SEARCH_PATHS = "$(inherited) @executable_path/../Frameworks";
				PRODUCT_BUNDLE_IDENTIFIER = "com.scidsolutions.waka-watcher";
				PRODUCT_NAME = "$(TARGET_NAME)";
			};
			name = Release;
		};
		2B77BF501C36EE1A00A37049 /* Debug */ = {
			isa = XCBuildConfiguration;
			buildSettings = {
				BUNDLE_LOADER = "$(TEST_HOST)";
				COMBINE_HIDPI_IMAGES = YES;
				INFOPLIST_FILE = waka_watcherTests/Info.plist;
				LD_RUNPATH_SEARCH_PATHS = "$(inherited) @executable_path/../Frameworks @loader_path/../Frameworks";
				PRODUCT_BUNDLE_IDENTIFIER = "com.scidsolutions.waka-watcherTests";
				PRODUCT_NAME = "$(TARGET_NAME)";
				TEST_HOST = "$(BUILT_PRODUCTS_DIR)/waka_watcher.app/Contents/MacOS/waka_watcher";
			};
			name = Debug;
		};
		2B77BF511C36EE1A00A37049 /* Release */ = {
			isa = XCBuildConfiguration;
			buildSettings = {
				BUNDLE_LOADER = "$(TEST_HOST)";
				COMBINE_HIDPI_IMAGES = YES;
				INFOPLIST_FILE = waka_watcherTests/Info.plist;
				LD_RUNPATH_SEARCH_PATHS = "$(inherited) @executable_path/../Frameworks @loader_path/../Frameworks";
				PRODUCT_BUNDLE_IDENTIFIER = "com.scidsolutions.waka-watcherTests";
				PRODUCT_NAME = "$(TARGET_NAME)";
				TEST_HOST = "$(BUILT_PRODUCTS_DIR)/waka_watcher.app/Contents/MacOS/waka_watcher";
			};
			name = Release;
		};
		2B77BF531C36EE1A00A37049 /* Debug */ = {
			isa = XCBuildConfiguration;
			buildSettings = {
				COMBINE_HIDPI_IMAGES = YES;
				INFOPLIST_FILE = waka_watcherUITests/Info.plist;
				LD_RUNPATH_SEARCH_PATHS = "$(inherited) @executable_path/../Frameworks @loader_path/../Frameworks";
				PRODUCT_BUNDLE_IDENTIFIER = "com.scidsolutions.waka-watcherUITests";
				PRODUCT_NAME = "$(TARGET_NAME)";
				TEST_TARGET_NAME = waka_watcher;
				USES_XCTRUNNER = YES;
			};
			name = Debug;
		};
		2B77BF541C36EE1A00A37049 /* Release */ = {
			isa = XCBuildConfiguration;
			buildSettings = {
				COMBINE_HIDPI_IMAGES = YES;
				INFOPLIST_FILE = waka_watcherUITests/Info.plist;
				LD_RUNPATH_SEARCH_PATHS = "$(inherited) @executable_path/../Frameworks @loader_path/../Frameworks";
				PRODUCT_BUNDLE_IDENTIFIER = "com.scidsolutions.waka-watcherUITests";
				PRODUCT_NAME = "$(TARGET_NAME)";
				TEST_TARGET_NAME = waka_watcher;
				USES_XCTRUNNER = YES;
			};
			name = Release;
		};
/* End XCBuildConfiguration section */

/* Begin XCConfigurationList section */
		2B77BF1D1C36EE1A00A37049 /* Build configuration list for PBXProject "waka_watcher" */ = {
			isa = XCConfigurationList;
			buildConfigurations = (
				2B77BF4A1C36EE1A00A37049 /* Debug */,
				2B77BF4B1C36EE1A00A37049 /* Release */,
			);
			defaultConfigurationIsVisible = 0;
			defaultConfigurationName = Release;
		};
		2B77BF4C1C36EE1A00A37049 /* Build configuration list for PBXNativeTarget "waka_watcher" */ = {
			isa = XCConfigurationList;
			buildConfigurations = (
				2B77BF4D1C36EE1A00A37049 /* Debug */,
				2B77BF4E1C36EE1A00A37049 /* Release */,
			);
			defaultConfigurationIsVisible = 0;
		};
		2B77BF4F1C36EE1A00A37049 /* Build configuration list for PBXNativeTarget "waka_watcherTests" */ = {
			isa = XCConfigurationList;
			buildConfigurations = (
				2B77BF501C36EE1A00A37049 /* Debug */,
				2B77BF511C36EE1A00A37049 /* Release */,
			);
			defaultConfigurationIsVisible = 0;
		};
		2B77BF521C36EE1A00A37049 /* Build configuration list for PBXNativeTarget "waka_watcherUITests" */ = {
			isa = XCConfigurationList;
			buildConfigurations = (
				2B77BF531C36EE1A00A37049 /* Debug */,
				2B77BF541C36EE1A00A37049 /* Release */,
			);
			defaultConfigurationIsVisible = 0;
		};
/* End XCConfigurationList section */
	};
	rootObject = 2B77BF1A1C36EE1A00A37049 /* Project object */;
}
